// !$*UTF8*$!
{
	archiveVersion = 1;
	classes = {
	};
	objectVersion = 56;
	objects = {

/* Begin PBXBuildFile section */
		1FF667102BD6D1A30087A87E /* Whatsapp_CloneApp.swift in Sources */ = {isa = PBXBuildFile; fileRef = 1FF6670F2BD6D1A30087A87E /* Whatsapp_CloneApp.swift */; };
		1FF667122BD6D1A30087A87E /* ContentView.swift in Sources */ = {isa = PBXBuildFile; fileRef = 1FF667112BD6D1A30087A87E /* ContentView.swift */; };
		1FF667142BD6D1A50087A87E /* Assets.xcassets in Resources */ = {isa = PBXBuildFile; fileRef = 1FF667132BD6D1A50087A87E /* Assets.xcassets */; };
		1FF667172BD6D1A50087A87E /* Preview Assets.xcassets in Resources */ = {isa = PBXBuildFile; fileRef = 1FF667162BD6D1A50087A87E /* Preview Assets.xcassets */; };
		1FF667212BD6D1A50087A87E /* Whatsapp_CloneTests.swift in Sources */ = {isa = PBXBuildFile; fileRef = 1FF667202BD6D1A50087A87E /* Whatsapp_CloneTests.swift */; };
		1FF6672B2BD6D1A50087A87E /* Whatsapp_CloneUITests.swift in Sources */ = {isa = PBXBuildFile; fileRef = 1FF6672A2BD6D1A50087A87E /* Whatsapp_CloneUITests.swift */; };
		1FF6672D2BD6D1A50087A87E /* Whatsapp_CloneUITestsLaunchTests.swift in Sources */ = {isa = PBXBuildFile; fileRef = 1FF6672C2BD6D1A50087A87E /* Whatsapp_CloneUITestsLaunchTests.swift */; };
/* End PBXBuildFile section */

/* Begin PBXContainerItemProxy section */
		1FF6671D2BD6D1A50087A87E /* PBXContainerItemProxy */ = {
			isa = PBXContainerItemProxy;
			containerPortal = 1FF667042BD6D1A30087A87E /* Project object */;
			proxyType = 1;
			remoteGlobalIDString = 1FF6670B2BD6D1A30087A87E;
			remoteInfo = Whatsapp_Clone;
		};
		1FF667272BD6D1A50087A87E /* PBXContainerItemProxy */ = {
			isa = PBXContainerItemProxy;
			containerPortal = 1FF667042BD6D1A30087A87E /* Project object */;
			proxyType = 1;
			remoteGlobalIDString = 1FF6670B2BD6D1A30087A87E;
			remoteInfo = Whatsapp_Clone;
		};
/* End PBXContainerItemProxy section */

/* Begin PBXFileReference section */
		1FF6670C2BD6D1A30087A87E /* Whatsapp_Clone.app */ = {isa = PBXFileReference; explicitFileType = wrapper.application; includeInIndex = 0; path = Whatsapp_Clone.app; sourceTree = BUILT_PRODUCTS_DIR; };
		1FF6670F2BD6D1A30087A87E /* Whatsapp_CloneApp.swift */ = {isa = PBXFileReference; lastKnownFileType = sourcecode.swift; path = Whatsapp_CloneApp.swift; sourceTree = "<group>"; };
		1FF667112BD6D1A30087A87E /* ContentView.swift */ = {isa = PBXFileReference; lastKnownFileType = sourcecode.swift; path = ContentView.swift; sourceTree = "<group>"; };
		1FF667132BD6D1A50087A87E /* Assets.xcassets */ = {isa = PBXFileReference; lastKnownFileType = folder.assetcatalog; path = Assets.xcassets; sourceTree = "<group>"; };
		1FF667162BD6D1A50087A87E /* Preview Assets.xcassets */ = {isa = PBXFileReference; lastKnownFileType = folder.assetcatalog; path = "Preview Assets.xcassets"; sourceTree = "<group>"; };
		1FF6671C2BD6D1A50087A87E /* Whatsapp_CloneTests.xctest */ = {isa = PBXFileReference; explicitFileType = wrapper.cfbundle; includeInIndex = 0; path = Whatsapp_CloneTests.xctest; sourceTree = BUILT_PRODUCTS_DIR; };
		1FF667202BD6D1A50087A87E /* Whatsapp_CloneTests.swift */ = {isa = PBXFileReference; lastKnownFileType = sourcecode.swift; path = Whatsapp_CloneTests.swift; sourceTree = "<group>"; };
		1FF667262BD6D1A50087A87E /* Whatsapp_CloneUITests.xctest */ = {isa = PBXFileReference; explicitFileType = wrapper.cfbundle; includeInIndex = 0; path = Whatsapp_CloneUITests.xctest; sourceTree = BUILT_PRODUCTS_DIR; };
		1FF6672A2BD6D1A50087A87E /* Whatsapp_CloneUITests.swift */ = {isa = PBXFileReference; lastKnownFileType = sourcecode.swift; path = Whatsapp_CloneUITests.swift; sourceTree = "<group>"; };
		1FF6672C2BD6D1A50087A87E /* Whatsapp_CloneUITestsLaunchTests.swift */ = {isa = PBXFileReference; lastKnownFileType = sourcecode.swift; path = Whatsapp_CloneUITestsLaunchTests.swift; sourceTree = "<group>"; };
/* End PBXFileReference section */

/* Begin PBXFrameworksBuildPhase section */
		1FF667092BD6D1A30087A87E /* Frameworks */ = {
			isa = PBXFrameworksBuildPhase;
			buildActionMask = 2147483647;
			files = (
			);
			runOnlyForDeploymentPostprocessing = 0;
		};
		1FF667192BD6D1A50087A87E /* Frameworks */ = {
			isa = PBXFrameworksBuildPhase;
			buildActionMask = 2147483647;
			files = (
			);
			runOnlyForDeploymentPostprocessing = 0;
		};
		1FF667232BD6D1A50087A87E /* Frameworks */ = {
			isa = PBXFrameworksBuildPhase;
			buildActionMask = 2147483647;
			files = (
			);
			runOnlyForDeploymentPostprocessing = 0;
		};
/* End PBXFrameworksBuildPhase section */

/* Begin PBXGroup section */
		1FF667032BD6D1A30087A87E = {
			isa = PBXGroup;
			children = (
				1FF6670E2BD6D1A30087A87E /* Whatsapp_Clone */,
				1FF6671F2BD6D1A50087A87E /* Whatsapp_CloneTests */,
				1FF667292BD6D1A50087A87E /* Whatsapp_CloneUITests */,
				1FF6670D2BD6D1A30087A87E /* Products */,
			);
			sourceTree = "<group>";
		};
		1FF6670D2BD6D1A30087A87E /* Products */ = {
			isa = PBXGroup;
			children = (
				1FF6670C2BD6D1A30087A87E /* Whatsapp_Clone.app */,
				1FF6671C2BD6D1A50087A87E /* Whatsapp_CloneTests.xctest */,
				1FF667262BD6D1A50087A87E /* Whatsapp_CloneUITests.xctest */,
			);
			name = Products;
			sourceTree = "<group>";
		};
		1FF6670E2BD6D1A30087A87E /* Whatsapp_Clone */ = {
			isa = PBXGroup;
			children = (
				1FF6670F2BD6D1A30087A87E /* Whatsapp_CloneApp.swift */,
				1FF667112BD6D1A30087A87E /* ContentView.swift */,
				1FF667132BD6D1A50087A87E /* Assets.xcassets */,
				1FF667152BD6D1A50087A87E /* Preview Content */,
			);
			path = Whatsapp_Clone;
			sourceTree = "<group>";
		};
		1FF667152BD6D1A50087A87E /* Preview Content */ = {
			isa = PBXGroup;
			children = (
				1FF667162BD6D1A50087A87E /* Preview Assets.xcassets */,
			);
			path = "Preview Content";
			sourceTree = "<group>";
		};
		1FF6671F2BD6D1A50087A87E /* Whatsapp_CloneTests */ = {
			isa = PBXGroup;
			children = (
				1FF667202BD6D1A50087A87E /* Whatsapp_CloneTests.swift */,
			);
			path = Whatsapp_CloneTests;
			sourceTree = "<group>";
		};
		1FF667292BD6D1A50087A87E /* Whatsapp_CloneUITests */ = {
			isa = PBXGroup;
			children = (
				1FF6672A2BD6D1A50087A87E /* Whatsapp_CloneUITests.swift */,
				1FF6672C2BD6D1A50087A87E /* Whatsapp_CloneUITestsLaunchTests.swift */,
			);
			path = Whatsapp_CloneUITests;
			sourceTree = "<group>";
		};
/* End PBXGroup section */

/* Begin PBXNativeTarget section */
		1FF6670B2BD6D1A30087A87E /* Whatsapp_Clone */ = {
			isa = PBXNativeTarget;
			buildConfigurationList = 1FF667302BD6D1A50087A87E /* Build configuration list for PBXNativeTarget "Whatsapp_Clone" */;
			buildPhases = (
				1FF667082BD6D1A30087A87E /* Sources */,
				1FF667092BD6D1A30087A87E /* Frameworks */,
				1FF6670A2BD6D1A30087A87E /* Resources */,
			);
			buildRules = (
			);
			dependencies = (
			);
			name = Whatsapp_Clone;
			productName = Whatsapp_Clone;
			productReference = 1FF6670C2BD6D1A30087A87E /* Whatsapp_Clone.app */;
			productType = "com.apple.product-type.application";
		};
		1FF6671B2BD6D1A50087A87E /* Whatsapp_CloneTests */ = {
			isa = PBXNativeTarget;
			buildConfigurationList = 1FF667332BD6D1A50087A87E /* Build configuration list for PBXNativeTarget "Whatsapp_CloneTests" */;
			buildPhases = (
				1FF667182BD6D1A50087A87E /* Sources */,
				1FF667192BD6D1A50087A87E /* Frameworks */,
				1FF6671A2BD6D1A50087A87E /* Resources */,
			);
			buildRules = (
			);
			dependencies = (
				1FF6671E2BD6D1A50087A87E /* PBXTargetDependency */,
			);
			name = Whatsapp_CloneTests;
			productName = Whatsapp_CloneTests;
			productReference = 1FF6671C2BD6D1A50087A87E /* Whatsapp_CloneTests.xctest */;
			productType = "com.apple.product-type.bundle.unit-test";
		};
		1FF667252BD6D1A50087A87E /* Whatsapp_CloneUITests */ = {
			isa = PBXNativeTarget;
			buildConfigurationList = 1FF667362BD6D1A50087A87E /* Build configuration list for PBXNativeTarget "Whatsapp_CloneUITests" */;
			buildPhases = (
				1FF667222BD6D1A50087A87E /* Sources */,
				1FF667232BD6D1A50087A87E /* Frameworks */,
				1FF667242BD6D1A50087A87E /* Resources */,
			);
			buildRules = (
			);
			dependencies = (
				1FF667282BD6D1A50087A87E /* PBXTargetDependency */,
			);
			name = Whatsapp_CloneUITests;
			productName = Whatsapp_CloneUITests;
			productReference = 1FF667262BD6D1A50087A87E /* Whatsapp_CloneUITests.xctest */;
			productType = "com.apple.product-type.bundle.ui-testing";
		};
/* End PBXNativeTarget section */

/* Begin PBXProject section */
		1FF667042BD6D1A30087A87E /* Project object */ = {
			isa = PBXProject;
			attributes = {
				BuildIndependentTargetsInParallel = 1;
				LastSwiftUpdateCheck = 1540;
				LastUpgradeCheck = 1540;
				TargetAttributes = {
					1FF6670B2BD6D1A30087A87E = {
						CreatedOnToolsVersion = 15.4;
					};
					1FF6671B2BD6D1A50087A87E = {
						CreatedOnToolsVersion = 15.4;
						TestTargetID = 1FF6670B2BD6D1A30087A87E;
					};
					1FF667252BD6D1A50087A87E = {
						CreatedOnToolsVersion = 15.4;
						TestTargetID = 1FF6670B2BD6D1A30087A87E;
					};
				};
			};
			buildConfigurationList = 1FF667072BD6D1A30087A87E /* Build configuration list for PBXProject "Whatsapp_Clone" */;
			compatibilityVersion = "Xcode 14.0";
			developmentRegion = en;
			hasScannedForEncodings = 0;
			knownRegions = (
				en,
				Base,
			);
			mainGroup = 1FF667032BD6D1A30087A87E;
			productRefGroup = 1FF6670D2BD6D1A30087A87E /* Products */;
			projectDirPath = "";
			projectRoot = "";
			targets = (
				1FF6670B2BD6D1A30087A87E /* Whatsapp_Clone */,
				1FF6671B2BD6D1A50087A87E /* Whatsapp_CloneTests */,
				1FF667252BD6D1A50087A87E /* Whatsapp_CloneUITests */,
			);
		};
/* End PBXProject section */

/* Begin PBXResourcesBuildPhase section */
		1FF6670A2BD6D1A30087A87E /* Resources */ = {
			isa = PBXResourcesBuildPhase;
			buildActionMask = 2147483647;
			files = (
				1FF667172BD6D1A50087A87E /* Preview Assets.xcassets in Resources */,
				1FF667142BD6D1A50087A87E /* Assets.xcassets in Resources */,
			);
			runOnlyForDeploymentPostprocessing = 0;
		};
		1FF6671A2BD6D1A50087A87E /* Resources */ = {
			isa = PBXResourcesBuildPhase;
			buildActionMask = 2147483647;
			files = (
			);
			runOnlyForDeploymentPostprocessing = 0;
		};
		1FF667242BD6D1A50087A87E /* Resources */ = {
			isa = PBXResourcesBuildPhase;
			buildActionMask = 2147483647;
			files = (
			);
			runOnlyForDeploymentPostprocessing = 0;
		};
/* End PBXResourcesBuildPhase section */

/* Begin PBXSourcesBuildPhase section */
		1FF667082BD6D1A30087A87E /* Sources */ = {
			isa = PBXSourcesBuildPhase;
			buildActionMask = 2147483647;
			files = (
				1FF667122BD6D1A30087A87E /* ContentView.swift in Sources */,
				1FF667102BD6D1A30087A87E /* Whatsapp_CloneApp.swift in Sources */,
			);
			runOnlyForDeploymentPostprocessing = 0;
		};
		1FF667182BD6D1A50087A87E /* Sources */ = {
			isa = PBXSourcesBuildPhase;
			buildActionMask = 2147483647;
			files = (
				1FF667212BD6D1A50087A87E /* Whatsapp_CloneTests.swift in Sources */,
			);
			runOnlyForDeploymentPostprocessing = 0;
		};
		1FF667222BD6D1A50087A87E /* Sources */ = {
			isa = PBXSourcesBuildPhase;
			buildActionMask = 2147483647;
			files = (
				1FF6672D2BD6D1A50087A87E /* Whatsapp_CloneUITestsLaunchTests.swift in Sources */,
				1FF6672B2BD6D1A50087A87E /* Whatsapp_CloneUITests.swift in Sources */,
			);
			runOnlyForDeploymentPostprocessing = 0;
		};
/* End PBXSourcesBuildPhase section */

/* Begin PBXTargetDependency section */
		1FF6671E2BD6D1A50087A87E /* PBXTargetDependency */ = {
			isa = PBXTargetDependency;
			target = 1FF6670B2BD6D1A30087A87E /* Whatsapp_Clone */;
			targetProxy = 1FF6671D2BD6D1A50087A87E /* PBXContainerItemProxy */;
		};
		1FF667282BD6D1A50087A87E /* PBXTargetDependency */ = {
			isa = PBXTargetDependency;
			target = 1FF6670B2BD6D1A30087A87E /* Whatsapp_Clone */;
			targetProxy = 1FF667272BD6D1A50087A87E /* PBXContainerItemProxy */;
		};
/* End PBXTargetDependency section */

/* Begin XCBuildConfiguration section */
		1FF6672E2BD6D1A50087A87E /* Debug */ = {
			isa = XCBuildConfiguration;
			buildSettings = {
				ALWAYS_SEARCH_USER_PATHS = NO;
				ASSETCATALOG_COMPILER_GENERATE_SWIFT_ASSET_SYMBOL_EXTENSIONS = YES;
				CLANG_ANALYZER_NONNULL = YES;
				CLANG_ANALYZER_NUMBER_OBJECT_CONVERSION = YES_AGGRESSIVE;
				CLANG_CXX_LANGUAGE_STANDARD = "gnu++20";
				CLANG_ENABLE_MODULES = YES;
				CLANG_ENABLE_OBJC_ARC = YES;
				CLANG_ENABLE_OBJC_WEAK = YES;
				CLANG_WARN_BLOCK_CAPTURE_AUTORELEASING = YES;
				CLANG_WARN_BOOL_CONVERSION = YES;
				CLANG_WARN_COMMA = YES;
				CLANG_WARN_CONSTANT_CONVERSION = YES;
				CLANG_WARN_DEPRECATED_OBJC_IMPLEMENTATIONS = YES;
				CLANG_WARN_DIRECT_OBJC_ISA_USAGE = YES_ERROR;
				CLANG_WARN_DOCUMENTATION_COMMENTS = YES;
				CLANG_WARN_EMPTY_BODY = YES;
				CLANG_WARN_ENUM_CONVERSION = YES;
				CLANG_WARN_INFINITE_RECURSION = YES;
				CLANG_WARN_INT_CONVERSION = YES;
				CLANG_WARN_NON_LITERAL_NULL_CONVERSION = YES;
				CLANG_WARN_OBJC_IMPLICIT_RETAIN_SELF = YES;
				CLANG_WARN_OBJC_LITERAL_CONVERSION = YES;
				CLANG_WARN_OBJC_ROOT_CLASS = YES_ERROR;
				CLANG_WARN_QUOTED_INCLUDE_IN_FRAMEWORK_HEADER = YES;
				CLANG_WARN_RANGE_LOOP_ANALYSIS = YES;
				CLANG_WARN_STRICT_PROTOTYPES = YES;
				CLANG_WARN_SUSPICIOUS_MOVE = YES;
				CLANG_WARN_UNGUARDED_AVAILABILITY = YES_AGGRESSIVE;
				CLANG_WARN_UNREACHABLE_CODE = YES;
				CLANG_WARN__DUPLICATE_METHOD_MATCH = YES;
				COPY_PHASE_STRIP = NO;
				DEBUG_INFORMATION_FORMAT = dwarf;
				ENABLE_STRICT_OBJC_MSGSEND = YES;
				ENABLE_TESTABILITY = YES;
				ENABLE_USER_SCRIPT_SANDBOXING = YES;
				GCC_C_LANGUAGE_STANDARD = gnu17;
				GCC_DYNAMIC_NO_PIC = NO;
				GCC_NO_COMMON_BLOCKS = YES;
				GCC_OPTIMIZATION_LEVEL = 0;
				GCC_PREPROCESSOR_DEFINITIONS = (
					"DEBUG=1",
					"$(inherited)",
				);
				GCC_WARN_64_TO_32_BIT_CONVERSION = YES;
				GCC_WARN_ABOUT_RETURN_TYPE = YES_ERROR;
				GCC_WARN_UNDECLARED_SELECTOR = YES;
				GCC_WARN_UNINITIALIZED_AUTOS = YES_AGGRESSIVE;
				GCC_WARN_UNUSED_FUNCTION = YES;
				GCC_WARN_UNUSED_VARIABLE = YES;
				IPHONEOS_DEPLOYMENT_TARGET = 17.5;
				LOCALIZATION_PREFERS_STRING_CATALOGS = YES;
				MTL_ENABLE_DEBUG_INFO = INCLUDE_SOURCE;
				MTL_FAST_MATH = YES;
				ONLY_ACTIVE_ARCH = YES;
				SDKROOT = iphoneos;
				SWIFT_ACTIVE_COMPILATION_CONDITIONS = "DEBUG $(inherited)";
				SWIFT_OPTIMIZATION_LEVEL = "-Onone";
			};
			name = Debug;
		};
		1FF6672F2BD6D1A50087A87E /* Release */ = {
			isa = XCBuildConfiguration;
			buildSettings = {
				ALWAYS_SEARCH_USER_PATHS = NO;
				ASSETCATALOG_COMPILER_GENERATE_SWIFT_ASSET_SYMBOL_EXTENSIONS = YES;
				CLANG_ANALYZER_NONNULL = YES;
				CLANG_ANALYZER_NUMBER_OBJECT_CONVERSION = YES_AGGRESSIVE;
				CLANG_CXX_LANGUAGE_STANDARD = "gnu++20";
				CLANG_ENABLE_MODULES = YES;
				CLANG_ENABLE_OBJC_ARC = YES;
				CLANG_ENABLE_OBJC_WEAK = YES;
				CLANG_WARN_BLOCK_CAPTURE_AUTORELEASING = YES;
				CLANG_WARN_BOOL_CONVERSION = YES;
				CLANG_WARN_COMMA = YES;
				CLANG_WARN_CONSTANT_CONVERSION = YES;
				CLANG_WARN_DEPRECATED_OBJC_IMPLEMENTATIONS = YES;
				CLANG_WARN_DIRECT_OBJC_ISA_USAGE = YES_ERROR;
				CLANG_WARN_DOCUMENTATION_COMMENTS = YES;
				CLANG_WARN_EMPTY_BODY = YES;
				CLANG_WARN_ENUM_CONVERSION = YES;
				CLANG_WARN_INFINITE_RECURSION = YES;
				CLANG_WARN_INT_CONVERSION = YES;
				CLANG_WARN_NON_LITERAL_NULL_CONVERSION = YES;
				CLANG_WARN_OBJC_IMPLICIT_RETAIN_SELF = YES;
				CLANG_WARN_OBJC_LITERAL_CONVERSION = YES;
				CLANG_WARN_OBJC_ROOT_CLASS = YES_ERROR;
				CLANG_WARN_QUOTED_INCLUDE_IN_FRAMEWORK_HEADER = YES;
				CLANG_WARN_RANGE_LOOP_ANALYSIS = YES;
				CLANG_WARN_STRICT_PROTOTYPES = YES;
				CLANG_WARN_SUSPICIOUS_MOVE = YES;
				CLANG_WARN_UNGUARDED_AVAILABILITY = YES_AGGRESSIVE;
				CLANG_WARN_UNREACHABLE_CODE = YES;
				CLANG_WARN__DUPLICATE_METHOD_MATCH = YES;
				COPY_PHASE_STRIP = NO;
				DEBUG_INFORMATION_FORMAT = "dwarf-with-dsym";
				ENABLE_NS_ASSERTIONS = NO;
				ENABLE_STRICT_OBJC_MSGSEND = YES;
				ENABLE_USER_SCRIPT_SANDBOXING = YES;
				GCC_C_LANGUAGE_STANDARD = gnu17;
				GCC_NO_COMMON_BLOCKS = YES;
				GCC_WARN_64_TO_32_BIT_CONVERSION = YES;
				GCC_WARN_ABOUT_RETURN_TYPE = YES_ERROR;
				GCC_WARN_UNDECLARED_SELECTOR = YES;
				GCC_WARN_UNINITIALIZED_AUTOS = YES_AGGRESSIVE;
				GCC_WARN_UNUSED_FUNCTION = YES;
				GCC_WARN_UNUSED_VARIABLE = YES;
				IPHONEOS_DEPLOYMENT_TARGET = 17.5;
				LOCALIZATION_PREFERS_STRING_CATALOGS = YES;
				MTL_ENABLE_DEBUG_INFO = NO;
				MTL_FAST_MATH = YES;
				SDKROOT = iphoneos;
				SWIFT_COMPILATION_MODE = wholemodule;
				VALIDATE_PRODUCT = YES;
			};
			name = Release;
		};
		1FF667312BD6D1A50087A87E /* Debug */ = {
			isa = XCBuildConfiguration;
			buildSettings = {
				ASSETCATALOG_COMPILER_APPICON_NAME = AppIcon;
				ASSETCATALOG_COMPILER_GLOBAL_ACCENT_COLOR_NAME = AccentColor;
				CODE_SIGN_STYLE = Automatic;
				CURRENT_PROJECT_VERSION = 1;
				DEVELOPMENT_ASSET_PATHS = "\"Whatsapp_Clone/Preview Content\"";
				ENABLE_PREVIEWS = YES;
				GENERATE_INFOPLIST_FILE = YES;
				INFOPLIST_KEY_UIApplicationSceneManifest_Generation = YES;
				INFOPLIST_KEY_UIApplicationSupportsIndirectInputEvents = YES;
				INFOPLIST_KEY_UILaunchScreen_Generation = YES;
				INFOPLIST_KEY_UISupportedInterfaceOrientations_iPad = "UIInterfaceOrientationPortrait UIInterfaceOrientationPortraitUpsideDown UIInterfaceOrientationLandscapeLeft UIInterfaceOrientationLandscapeRight";
				INFOPLIST_KEY_UISupportedInterfaceOrientations_iPhone = "UIInterfaceOrientationPortrait UIInterfaceOrientationLandscapeLeft UIInterfaceOrientationLandscapeRight";
				LD_RUNPATH_SEARCH_PATHS = (
					"$(inherited)",
					"@executable_path/Frameworks",
				);
				MARKETING_VERSION = 1.0;
				PRODUCT_BUNDLE_IDENTIFIER = "com.hemanth.Whatsapp-Clone";
				PRODUCT_NAME = "$(TARGET_NAME)";
				SWIFT_EMIT_LOC_STRINGS = YES;
				SWIFT_VERSION = 5.0;
				TARGETED_DEVICE_FAMILY = "1,2";
			};
			name = Debug;
		};
		1FF667322BD6D1A50087A87E /* Release */ = {
			isa = XCBuildConfiguration;
			buildSettings = {
				ASSETCATALOG_COMPILER_APPICON_NAME = AppIcon;
				ASSETCATALOG_COMPILER_GLOBAL_ACCENT_COLOR_NAME = AccentColor;
				CODE_SIGN_STYLE = Automatic;
				CURRENT_PROJECT_VERSION = 1;
				DEVELOPMENT_ASSET_PATHS = "\"Whatsapp_Clone/Preview Content\"";
				ENABLE_PREVIEWS = YES;
				GENERATE_INFOPLIST_FILE = YES;
				INFOPLIST_KEY_UIApplicationSceneManifest_Generation = YES;
				INFOPLIST_KEY_UIApplicationSupportsIndirectInputEvents = YES;
				INFOPLIST_KEY_UILaunchScreen_Generation = YES;
				INFOPLIST_KEY_UISupportedInterfaceOrientations_iPad = "UIInterfaceOrientationPortrait UIInterfaceOrientationPortraitUpsideDown UIInterfaceOrientationLandscapeLeft UIInterfaceOrientationLandscapeRight";
				INFOPLIST_KEY_UISupportedInterfaceOrientations_iPhone = "UIInterfaceOrientationPortrait UIInterfaceOrientationLandscapeLeft UIInterfaceOrientationLandscapeRight";
				LD_RUNPATH_SEARCH_PATHS = (
					"$(inherited)",
					"@executable_path/Frameworks",
				);
				MARKETING_VERSION = 1.0;
				PRODUCT_BUNDLE_IDENTIFIER = "com.hemanth.Whatsapp-Clone";
				PRODUCT_NAME = "$(TARGET_NAME)";
				SWIFT_EMIT_LOC_STRINGS = YES;
				SWIFT_VERSION = 5.0;
				TARGETED_DEVICE_FAMILY = "1,2";
			};
			name = Release;
		};
		1FF667342BD6D1A50087A87E /* Debug */ = {
			isa = XCBuildConfiguration;
			buildSettings = {
				ALWAYS_EMBED_SWIFT_STANDARD_LIBRARIES = YES;
				BUNDLE_LOADER = "$(TEST_HOST)";
				CODE_SIGN_STYLE = Automatic;
				CURRENT_PROJECT_VERSION = 1;
				GENERATE_INFOPLIST_FILE = YES;
				IPHONEOS_DEPLOYMENT_TARGET = 17.5;
				MARKETING_VERSION = 1.0;
				PRODUCT_BUNDLE_IDENTIFIER = "com.hemanth.Whatsapp-CloneTests";
				PRODUCT_NAME = "$(TARGET_NAME)";
				SWIFT_EMIT_LOC_STRINGS = NO;
				SWIFT_VERSION = 5.0;
				TARGETED_DEVICE_FAMILY = "1,2";
				TEST_HOST = "$(BUILT_PRODUCTS_DIR)/Whatsapp_Clone.app/$(BUNDLE_EXECUTABLE_FOLDER_PATH)/Whatsapp_Clone";
			};
			name = Debug;
		};
		1FF667352BD6D1A50087A87E /* Release */ = {
			isa = XCBuildConfiguration;
			buildSettings = {
				ALWAYS_EMBED_SWIFT_STANDARD_LIBRARIES = YES;
				BUNDLE_LOADER = "$(TEST_HOST)";
				CODE_SIGN_STYLE = Automatic;
				CURRENT_PROJECT_VERSION = 1;
				GENERATE_INFOPLIST_FILE = YES;
				IPHONEOS_DEPLOYMENT_TARGET = 17.5;
				MARKETING_VERSION = 1.0;
				PRODUCT_BUNDLE_IDENTIFIER = "com.hemanth.Whatsapp-CloneTests";
				PRODUCT_NAME = "$(TARGET_NAME)";
				SWIFT_EMIT_LOC_STRINGS = NO;
				SWIFT_VERSION = 5.0;
				TARGETED_DEVICE_FAMILY = "1,2";
				TEST_HOST = "$(BUILT_PRODUCTS_DIR)/Whatsapp_Clone.app/$(BUNDLE_EXECUTABLE_FOLDER_PATH)/Whatsapp_Clone";
			};
			name = Release;
		};
		1FF667372BD6D1A50087A87E /* Debug */ = {
			isa = XCBuildConfiguration;
			buildSettings = {
				ALWAYS_EMBED_SWIFT_STANDARD_LIBRARIES = YES;
				CODE_SIGN_STYLE = Automatic;
				CURRENT_PROJECT_VERSION = 1;
				GENERATE_INFOPLIST_FILE = YES;
				MARKETING_VERSION = 1.0;
				PRODUCT_BUNDLE_IDENTIFIER = "com.hemanth.Whatsapp-CloneUITests";
				PRODUCT_NAME = "$(TARGET_NAME)";
				SWIFT_EMIT_LOC_STRINGS = NO;
				SWIFT_VERSION = 5.0;
				TARGETED_DEVICE_FAMILY = "1,2";
				TEST_TARGET_NAME = Whatsapp_Clone;
			};
			name = Debug;
		};
		1FF667382BD6D1A50087A87E /* Release */ = {
			isa = XCBuildConfiguration;
			buildSettings = {
				ALWAYS_EMBED_SWIFT_STANDARD_LIBRARIES = YES;
				CODE_SIGN_STYLE = Automatic;
				CURRENT_PROJECT_VERSION = 1;
				GENERATE_INFOPLIST_FILE = YES;
				MARKETING_VERSION = 1.0;
				PRODUCT_BUNDLE_IDENTIFIER = "com.hemanth.Whatsapp-CloneUITests";
				PRODUCT_NAME = "$(TARGET_NAME)";
				SWIFT_EMIT_LOC_STRINGS = NO;
				SWIFT_VERSION = 5.0;
				TARGETED_DEVICE_FAMILY = "1,2";
				TEST_TARGET_NAME = Whatsapp_Clone;
			};
			name = Release;
		};
/* End XCBuildConfiguration section */

/* Begin XCConfigurationList section */
		1FF667072BD6D1A30087A87E /* Build configuration list for PBXProject "Whatsapp_Clone" */ = {
			isa = XCConfigurationList;
			buildConfigurations = (
				1FF6672E2BD6D1A50087A87E /* Debug */,
				1FF6672F2BD6D1A50087A87E /* Release */,
			);
			defaultConfigurationIsVisible = 0;
			defaultConfigurationName = Release;
		};
		1FF667302BD6D1A50087A87E /* Build configuration list for PBXNativeTarget "Whatsapp_Clone" */ = {
			isa = XCConfigurationList;
			buildConfigurations = (
				1FF667312BD6D1A50087A87E /* Debug */,
				1FF667322BD6D1A50087A87E /* Release */,
			);
			defaultConfigurationIsVisible = 0;
			defaultConfigurationName = Release;
		};
		1FF667332BD6D1A50087A87E /* Build configuration list for PBXNativeTarget "Whatsapp_CloneTests" */ = {
			isa = XCConfigurationList;
			buildConfigurations = (
				1FF667342BD6D1A50087A87E /* Debug */,
				1FF667352BD6D1A50087A87E /* Release */,
			);
			defaultConfigurationIsVisible = 0;
			defaultConfigurationName = Release;
		};
		1FF667362BD6D1A50087A87E /* Build configuration list for PBXNativeTarget "Whatsapp_CloneUITests" */ = {
			isa = XCConfigurationList;
			buildConfigurations = (
				1FF667372BD6D1A50087A87E /* Debug */,
				1FF667382BD6D1A50087A87E /* Release */,
			);
			defaultConfigurationIsVisible = 0;
			defaultConfigurationName = Release;
		};
/* End XCConfigurationList section */
	};
	rootObject = 1FF667042BD6D1A30087A87E /* Project object */;
}
