// !$*UTF8*$!
{
	archiveVersion = 1;
	classes = {
	};
	objectVersion = 56;
	objects = {

/* Begin PBXBuildFile section */
		1F082F4F2BEBE5C500C2A2F6 /* ChatPartnerRowView.swift in Sources */ = {isa = PBXBuildFile; fileRef = 1F082F4E2BEBE5C500C2A2F6 /* ChatPartnerRowView.swift */; };
		1F088F7C2C0986BD001E8A61 /* MediaPlayerView.swift in Sources */ = {isa = PBXBuildFile; fileRef = 1F088F7B2C0986BD001E8A61 /* MediaPlayerView.swift */; };
		1F4567E22BEF318600B67EAA /* SelectedChatPartnerView.swift in Sources */ = {isa = PBXBuildFile; fileRef = 1F4567E12BEF318600B67EAA /* SelectedChatPartnerView.swift */; };
		1F4567E42BEF3A0E00B67EAA /* NewGroupSetupScreen.swift in Sources */ = {isa = PBXBuildFile; fileRef = 1F4567E32BEF3A0E00B67EAA /* NewGroupSetupScreen.swift */; };
		1F4567E72BEF420800B67EAA /* UserService.swift in Sources */ = {isa = PBXBuildFile; fileRef = 1F4567E62BEF420800B67EAA /* UserService.swift */; };
		1F4567EA2BEF5D7100B67EAA /* ChannelItem.swift in Sources */ = {isa = PBXBuildFile; fileRef = 1F4567E92BEF5D7100B67EAA /* ChannelItem.swift */; };
		1F4567EC2BEF60EC00B67EAA /* ChannelTabViewModel.swift in Sources */ = {isa = PBXBuildFile; fileRef = 1F4567EB2BEF60EC00B67EAA /* ChannelTabViewModel.swift */; };
		1F4F27C22BECC7FF00060518 /* ChatPartnerPickerViewModel.swift in Sources */ = {isa = PBXBuildFile; fileRef = 1F4F27C12BECC7FF00060518 /* ChatPartnerPickerViewModel.swift */; };
		1F4F27C42BECCA0F00060518 /* GroupPartnerPickerScreen.swift in Sources */ = {isa = PBXBuildFile; fileRef = 1F4F27C32BECCA0F00060518 /* GroupPartnerPickerScreen.swift */; };
		1F74B50D2C063E460062D9FF /* PhotoPickerItem+Extension.swift in Sources */ = {isa = PBXBuildFile; fileRef = 1F74B50C2C063E460062D9FF /* PhotoPickerItem+Extension.swift */; };
		1F74B50F2C063F7C0062D9FF /* MediaPickerItem_Types.swift in Sources */ = {isa = PBXBuildFile; fileRef = 1F74B50E2C063F7C0062D9FF /* MediaPickerItem_Types.swift */; };
		1F74B5112C0643680062D9FF /* URL+Extnsions.swift in Sources */ = {isa = PBXBuildFile; fileRef = 1F74B5102C0643680062D9FF /* URL+Extnsions.swift */; };
		1F86332C2BE4F77E002EC595 /* UserItem.swift in Sources */ = {isa = PBXBuildFile; fileRef = 1F86332B2BE4F77E002EC595 /* UserItem.swift */; };
		1F86332F2BE4F7EC002EC595 /* FirebaseConstants.swift in Sources */ = {isa = PBXBuildFile; fileRef = 1F86332E2BE4F7EC002EC595 /* FirebaseConstants.swift */; };
		1F8633312BE4FEB5002EC595 /* ChatPartnerPickerScreen.swift in Sources */ = {isa = PBXBuildFile; fileRef = 1F8633302BE4FEB5002EC595 /* ChatPartnerPickerScreen.swift */; };
		1F9BC7E22BDD094900A524BE /* GoogleService-Info.plist in Resources */ = {isa = PBXBuildFile; fileRef = 1F9BC7E12BDD094900A524BE /* GoogleService-Info.plist */; };
		1F9BC7E62BDD0B3600A524BE /* LoginScreen.swift in Sources */ = {isa = PBXBuildFile; fileRef = 1F9BC7E52BDD0B3600A524BE /* LoginScreen.swift */; };
		1F9BC7E82BDD0BDA00A524BE /* AuthHeaderView.swift in Sources */ = {isa = PBXBuildFile; fileRef = 1F9BC7E72BDD0BDA00A524BE /* AuthHeaderView.swift */; };
		1F9BC7EA2BDD0C8300A524BE /* AuthTextField.swift in Sources */ = {isa = PBXBuildFile; fileRef = 1F9BC7E92BDD0C8300A524BE /* AuthTextField.swift */; };
		1F9BC7EC2BDD117200A524BE /* AuthButton.swift in Sources */ = {isa = PBXBuildFile; fileRef = 1F9BC7EB2BDD117200A524BE /* AuthButton.swift */; };
		1FA219962BDBB1F4004AFEBB /* MessageItem.swift in Sources */ = {isa = PBXBuildFile; fileRef = 1FA219952BDBB1F4004AFEBB /* MessageItem.swift */; };
		1FA219982BDBB28F004AFEBB /* BubbuleTextView.swift in Sources */ = {isa = PBXBuildFile; fileRef = 1FA219972BDBB28F004AFEBB /* BubbuleTextView.swift */; };
		1FA2199A2BDBB32F004AFEBB /* BubbleTailView.swift in Sources */ = {isa = PBXBuildFile; fileRef = 1FA219992BDBB32F004AFEBB /* BubbleTailView.swift */; };
		1FA2199D2BDBB40A004AFEBB /* CustomModifiers.swift in Sources */ = {isa = PBXBuildFile; fileRef = 1FA2199C2BDBB40A004AFEBB /* CustomModifiers.swift */; };
		1FA2199F2BDBC610004AFEBB /* BubbleImageView.swift in Sources */ = {isa = PBXBuildFile; fileRef = 1FA2199E2BDBC610004AFEBB /* BubbleImageView.swift */; };
		1FA219A12BDBCFE3004AFEBB /* BubbleVoiceView.swift in Sources */ = {isa = PBXBuildFile; fileRef = 1FA219A02BDBCFE3004AFEBB /* BubbleVoiceView.swift */; };
		1FAC512F2C1564C100727DC9 /* FirebaseHelper.swift in Sources */ = {isa = PBXBuildFile; fileRef = 1FAC512E2C1564C000727DC9 /* FirebaseHelper.swift */; };
		1FB3D9062BE0103000D9DA96 /* SignUpScreen.swift in Sources */ = {isa = PBXBuildFile; fileRef = 1FB3D9052BE0103000D9DA96 /* SignUpScreen.swift */; };
		1FB3D9092BE0133100D9DA96 /* AuthScreenModel.swift in Sources */ = {isa = PBXBuildFile; fileRef = 1FB3D9082BE0133100D9DA96 /* AuthScreenModel.swift */; };
		1FBA3B7A2BF8893700FE2620 /* ChannelCreationTextView.swift in Sources */ = {isa = PBXBuildFile; fileRef = 1FBA3B792BF8893700FE2620 /* ChannelCreationTextView.swift */; };
		1FBA3B7C2BF88B2900FE2620 /* AdminMessageTextView.swift in Sources */ = {isa = PBXBuildFile; fileRef = 1FBA3B7B2BF88B2900FE2620 /* AdminMessageTextView.swift */; };
		1FBA3B822BF894BE00FE2620 /* CircularProfileImageView.swift in Sources */ = {isa = PBXBuildFile; fileRef = 1FBA3B812BF894BE00FE2620 /* CircularProfileImageView.swift */; };
		1FBC12CD2C0050E60071178C /* MediaAttachmentPreview.swift in Sources */ = {isa = PBXBuildFile; fileRef = 1FBC12CC2C0050E60071178C /* MediaAttachmentPreview.swift */; };
		1FBE85A22BE0ADF20004712F /* AuthProvider.swift in Sources */ = {isa = PBXBuildFile; fileRef = 1FBE85A12BE0ADF20004712F /* AuthProvider.swift */; };
		1FC4FE772C183753001D33BE /* FirebaseAuth in Frameworks */ = {isa = PBXBuildFile; productRef = 1FC4FE762C183753001D33BE /* FirebaseAuth */; };
		1FC4FE792C183753001D33BE /* FirebaseDatabase in Frameworks */ = {isa = PBXBuildFile; productRef = 1FC4FE782C183753001D33BE /* FirebaseDatabase */; };
		1FC4FE7B2C183753001D33BE /* FirebaseDatabaseSwift in Frameworks */ = {isa = PBXBuildFile; productRef = 1FC4FE7A2C183753001D33BE /* FirebaseDatabaseSwift */; };
		1FC4FE7D2C183753001D33BE /* FirebaseMessaging in Frameworks */ = {isa = PBXBuildFile; productRef = 1FC4FE7C2C183753001D33BE /* FirebaseMessaging */; };
		1FC4FE7F2C183753001D33BE /* FirebaseStorage in Frameworks */ = {isa = PBXBuildFile; productRef = 1FC4FE7E2C183753001D33BE /* FirebaseStorage */; };
		1FC4FE822C18377D001D33BE /* Kingfisher in Frameworks */ = {isa = PBXBuildFile; productRef = 1FC4FE812C18377D001D33BE /* Kingfisher */; };
		1FCAB8A72BD8D25600B04AA5 /* CommunityTabScreen.swift in Sources */ = {isa = PBXBuildFile; fileRef = 1FCAB8A62BD8D25600B04AA5 /* CommunityTabScreen.swift */; };
		1FCAB8AB2BD8DC1900B04AA5 /* ChannelTabScreen.swift in Sources */ = {isa = PBXBuildFile; fileRef = 1FCAB8AA2BD8DC1900B04AA5 /* ChannelTabScreen.swift */; };
		1FCAB8AD2BD8DF0200B04AA5 /* ChatItemView.swift in Sources */ = {isa = PBXBuildFile; fileRef = 1FCAB8AC2BD8DF0200B04AA5 /* ChatItemView.swift */; };
		1FCAB8B02BD8E1A700B04AA5 /* SettingTabScreen.swift in Sources */ = {isa = PBXBuildFile; fileRef = 1FCAB8AF2BD8E1A700B04AA5 /* SettingTabScreen.swift */; };
		1FCAB8B22BD8E25600B04AA5 /* SettingItemView.swift in Sources */ = {isa = PBXBuildFile; fileRef = 1FCAB8B12BD8E25600B04AA5 /* SettingItemView.swift */; };
		1FCAB8B52BD8E7DD00B04AA5 /* SettingsItem.swift in Sources */ = {isa = PBXBuildFile; fileRef = 1FCAB8B42BD8E7DD00B04AA5 /* SettingsItem.swift */; };
		1FCAB8BB2BD8EED900B04AA5 /* ChatRoomScreen.swift in Sources */ = {isa = PBXBuildFile; fileRef = 1FCAB8BA2BD8EED900B04AA5 /* ChatRoomScreen.swift */; };
		1FCAB8BD2BD8F07200B04AA5 /* TextInputArea.swift in Sources */ = {isa = PBXBuildFile; fileRef = 1FCAB8BC2BD8F07200B04AA5 /* TextInputArea.swift */; };
		1FD3E9832BD911040031F8FD /* MessageListController.swift in Sources */ = {isa = PBXBuildFile; fileRef = 1FD3E9822BD911040031F8FD /* MessageListController.swift */; };
		1FD3E9852BD913310031F8FD /* MessageListView.swift in Sources */ = {isa = PBXBuildFile; fileRef = 1FD3E9842BD913310031F8FD /* MessageListView.swift */; };
		1FE600992BEFAC80008E121B /* String+Extensions.swift in Sources */ = {isa = PBXBuildFile; fileRef = 1FE600982BEFAC80008E121B /* String+Extensions.swift */; };
		1FE6009B2BEFBD04008E121B /* MessageItems+Types.swift in Sources */ = {isa = PBXBuildFile; fileRef = 1FE6009A2BEFBD04008E121B /* MessageItems+Types.swift */; };
		1FE808B12C10B4D90022864B /* VoiceRecorderService.swift in Sources */ = {isa = PBXBuildFile; fileRef = 1FE808B02C10B4D90022864B /* VoiceRecorderService.swift */; };
		1FEC7AC62BF9C3BC001DBE20 /* Date+Extensions.swift in Sources */ = {isa = PBXBuildFile; fileRef = 1FEC7AC52BF9C3BC001DBE20 /* Date+Extensions.swift */; };
		1FEEFF212BE3A00B00FBCE3C /* RootSrceen.swift in Sources */ = {isa = PBXBuildFile; fileRef = 1FEEFF202BE3A00B00FBCE3C /* RootSrceen.swift */; };
		1FEEFF242BE3A03500FBCE3C /* RootScreenModel.swift in Sources */ = {isa = PBXBuildFile; fileRef = 1FEEFF232BE3A03500FBCE3C /* RootScreenModel.swift */; };
		1FF268932C2731A200FF1FC1 /* VoiceMessagePlayer.swift in Sources */ = {isa = PBXBuildFile; fileRef = 1FF268922C2731A200FF1FC1 /* VoiceMessagePlayer.swift */; };
		1FF6638C2C10D37C00DE61BF /* TimeInterval+Extensions.swift in Sources */ = {isa = PBXBuildFile; fileRef = 1FF6638B2C10D37C00DE61BF /* TimeInterval+Extensions.swift */; };
		1FF667102BD6D1A30087A87E /* Whatsapp_CloneApp.swift in Sources */ = {isa = PBXBuildFile; fileRef = 1FF6670F2BD6D1A30087A87E /* Whatsapp_CloneApp.swift */; };
		1FF667142BD6D1A50087A87E /* Assets.xcassets in Resources */ = {isa = PBXBuildFile; fileRef = 1FF667132BD6D1A50087A87E /* Assets.xcassets */; };
		1FF667172BD6D1A50087A87E /* Preview Assets.xcassets in Resources */ = {isa = PBXBuildFile; fileRef = 1FF667162BD6D1A50087A87E /* Preview Assets.xcassets */; };
		1FF6673A2BD6D4340087A87E /* MainTabView.swift in Sources */ = {isa = PBXBuildFile; fileRef = 1FF667392BD6D4340087A87E /* MainTabView.swift */; };
		1FF9F29E2BD76D790076D685 /* UpdatesTabScreen.swift in Sources */ = {isa = PBXBuildFile; fileRef = 1FF9F29D2BD76D790076D685 /* UpdatesTabScreen.swift */; };
		1FF9F2A02BD77B3A0076D685 /* CallTabScreen.swift in Sources */ = {isa = PBXBuildFile; fileRef = 1FF9F29F2BD77B3A0076D685 /* CallTabScreen.swift */; };
		1FFB66462C1A05D700E744AB /* UIApplication+Extensions.swift in Sources */ = {isa = PBXBuildFile; fileRef = 1FFB66452C1A05D700E744AB /* UIApplication+Extensions.swift */; };
		1FFB66482C1A084300E744AB /* UIWindowScene+Extensions.swift in Sources */ = {isa = PBXBuildFile; fileRef = 1FFB66472C1A084300E744AB /* UIWindowScene+Extensions.swift */; };
		1FFF1B2C2BF1DFDC00FF5058 /* ChatRoomViewModel.swift in Sources */ = {isa = PBXBuildFile; fileRef = 1FFF1B2B2BF1DFDC00FF5058 /* ChatRoomViewModel.swift */; };
		1FFF1B2E2BF1E18700FF5058 /* MessageService.swift in Sources */ = {isa = PBXBuildFile; fileRef = 1FFF1B2D2BF1E18700FF5058 /* MessageService.swift */; };
/* End PBXBuildFile section */

/* Begin PBXFileReference section */
		1F082F4E2BEBE5C500C2A2F6 /* ChatPartnerRowView.swift */ = {isa = PBXFileReference; lastKnownFileType = sourcecode.swift; path = ChatPartnerRowView.swift; sourceTree = "<group>"; };
		1F088F7B2C0986BD001E8A61 /* MediaPlayerView.swift */ = {isa = PBXFileReference; lastKnownFileType = sourcecode.swift; path = MediaPlayerView.swift; sourceTree = "<group>"; };
		1F4567E12BEF318600B67EAA /* SelectedChatPartnerView.swift */ = {isa = PBXFileReference; lastKnownFileType = sourcecode.swift; path = SelectedChatPartnerView.swift; sourceTree = "<group>"; };
		1F4567E32BEF3A0E00B67EAA /* NewGroupSetupScreen.swift */ = {isa = PBXFileReference; lastKnownFileType = sourcecode.swift; path = NewGroupSetupScreen.swift; sourceTree = "<group>"; };
		1F4567E62BEF420800B67EAA /* UserService.swift */ = {isa = PBXFileReference; lastKnownFileType = sourcecode.swift; path = UserService.swift; sourceTree = "<group>"; };
		1F4567E92BEF5D7100B67EAA /* ChannelItem.swift */ = {isa = PBXFileReference; lastKnownFileType = sourcecode.swift; path = ChannelItem.swift; sourceTree = "<group>"; };
		1F4567EB2BEF60EC00B67EAA /* ChannelTabViewModel.swift */ = {isa = PBXFileReference; lastKnownFileType = sourcecode.swift; path = ChannelTabViewModel.swift; sourceTree = "<group>"; };
		1F4F27C12BECC7FF00060518 /* ChatPartnerPickerViewModel.swift */ = {isa = PBXFileReference; lastKnownFileType = sourcecode.swift; path = ChatPartnerPickerViewModel.swift; sourceTree = "<group>"; };
		1F4F27C32BECCA0F00060518 /* GroupPartnerPickerScreen.swift */ = {isa = PBXFileReference; lastKnownFileType = sourcecode.swift; path = GroupPartnerPickerScreen.swift; sourceTree = "<group>"; };
		1F74B50C2C063E460062D9FF /* PhotoPickerItem+Extension.swift */ = {isa = PBXFileReference; lastKnownFileType = sourcecode.swift; path = "PhotoPickerItem+Extension.swift"; sourceTree = "<group>"; };
		1F74B50E2C063F7C0062D9FF /* MediaPickerItem_Types.swift */ = {isa = PBXFileReference; lastKnownFileType = sourcecode.swift; path = MediaPickerItem_Types.swift; sourceTree = "<group>"; };
		1F74B5102C0643680062D9FF /* URL+Extnsions.swift */ = {isa = PBXFileReference; lastKnownFileType = sourcecode.swift; path = "URL+Extnsions.swift"; sourceTree = "<group>"; };
		1F86332B2BE4F77E002EC595 /* UserItem.swift */ = {isa = PBXFileReference; lastKnownFileType = sourcecode.swift; path = UserItem.swift; sourceTree = "<group>"; };
		1F86332E2BE4F7EC002EC595 /* FirebaseConstants.swift */ = {isa = PBXFileReference; lastKnownFileType = sourcecode.swift; path = FirebaseConstants.swift; sourceTree = "<group>"; };
		1F8633302BE4FEB5002EC595 /* ChatPartnerPickerScreen.swift */ = {isa = PBXFileReference; lastKnownFileType = sourcecode.swift; path = ChatPartnerPickerScreen.swift; sourceTree = "<group>"; };
		1F9BC7E12BDD094900A524BE /* GoogleService-Info.plist */ = {isa = PBXFileReference; fileEncoding = 4; lastKnownFileType = text.plist.xml; path = "GoogleService-Info.plist"; sourceTree = "<group>"; };
		1F9BC7E52BDD0B3600A524BE /* LoginScreen.swift */ = {isa = PBXFileReference; lastKnownFileType = sourcecode.swift; path = LoginScreen.swift; sourceTree = "<group>"; };
		1F9BC7E72BDD0BDA00A524BE /* AuthHeaderView.swift */ = {isa = PBXFileReference; lastKnownFileType = sourcecode.swift; path = AuthHeaderView.swift; sourceTree = "<group>"; };
		1F9BC7E92BDD0C8300A524BE /* AuthTextField.swift */ = {isa = PBXFileReference; lastKnownFileType = sourcecode.swift; path = AuthTextField.swift; sourceTree = "<group>"; };
		1F9BC7EB2BDD117200A524BE /* AuthButton.swift */ = {isa = PBXFileReference; lastKnownFileType = sourcecode.swift; path = AuthButton.swift; sourceTree = "<group>"; };
		1FA219952BDBB1F4004AFEBB /* MessageItem.swift */ = {isa = PBXFileReference; lastKnownFileType = sourcecode.swift; path = MessageItem.swift; sourceTree = "<group>"; };
		1FA219972BDBB28F004AFEBB /* BubbuleTextView.swift */ = {isa = PBXFileReference; lastKnownFileType = sourcecode.swift; path = BubbuleTextView.swift; sourceTree = "<group>"; };
		1FA219992BDBB32F004AFEBB /* BubbleTailView.swift */ = {isa = PBXFileReference; lastKnownFileType = sourcecode.swift; path = BubbleTailView.swift; sourceTree = "<group>"; };
		1FA2199C2BDBB40A004AFEBB /* CustomModifiers.swift */ = {isa = PBXFileReference; lastKnownFileType = sourcecode.swift; path = CustomModifiers.swift; sourceTree = "<group>"; };
		1FA2199E2BDBC610004AFEBB /* BubbleImageView.swift */ = {isa = PBXFileReference; lastKnownFileType = sourcecode.swift; path = BubbleImageView.swift; sourceTree = "<group>"; };
		1FA219A02BDBCFE3004AFEBB /* BubbleVoiceView.swift */ = {isa = PBXFileReference; lastKnownFileType = sourcecode.swift; path = BubbleVoiceView.swift; sourceTree = "<group>"; };
		1FAC512E2C1564C000727DC9 /* FirebaseHelper.swift */ = {isa = PBXFileReference; lastKnownFileType = sourcecode.swift; path = FirebaseHelper.swift; sourceTree = "<group>"; };
		1FAC51302C156CDB00727DC9 /* Whatsapp-Clone-Info.plist */ = {isa = PBXFileReference; lastKnownFileType = text.plist; path = "Whatsapp-Clone-Info.plist"; sourceTree = SOURCE_ROOT; };
		1FB3D9052BE0103000D9DA96 /* SignUpScreen.swift */ = {isa = PBXFileReference; lastKnownFileType = sourcecode.swift; path = SignUpScreen.swift; sourceTree = "<group>"; };
		1FB3D9082BE0133100D9DA96 /* AuthScreenModel.swift */ = {isa = PBXFileReference; lastKnownFileType = sourcecode.swift; path = AuthScreenModel.swift; sourceTree = "<group>"; };
		1FBA3B792BF8893700FE2620 /* ChannelCreationTextView.swift */ = {isa = PBXFileReference; lastKnownFileType = sourcecode.swift; path = ChannelCreationTextView.swift; sourceTree = "<group>"; };
		1FBA3B7B2BF88B2900FE2620 /* AdminMessageTextView.swift */ = {isa = PBXFileReference; lastKnownFileType = sourcecode.swift; path = AdminMessageTextView.swift; sourceTree = "<group>"; };
		1FBA3B812BF894BE00FE2620 /* CircularProfileImageView.swift */ = {isa = PBXFileReference; lastKnownFileType = sourcecode.swift; path = CircularProfileImageView.swift; sourceTree = "<group>"; };
		1FBC12CC2C0050E60071178C /* MediaAttachmentPreview.swift */ = {isa = PBXFileReference; lastKnownFileType = sourcecode.swift; path = MediaAttachmentPreview.swift; sourceTree = "<group>"; };
		1FBE85A12BE0ADF20004712F /* AuthProvider.swift */ = {isa = PBXFileReference; lastKnownFileType = sourcecode.swift; path = AuthProvider.swift; sourceTree = "<group>"; };
		1FCAB8A62BD8D25600B04AA5 /* CommunityTabScreen.swift */ = {isa = PBXFileReference; lastKnownFileType = sourcecode.swift; path = CommunityTabScreen.swift; sourceTree = "<group>"; };
		1FCAB8AA2BD8DC1900B04AA5 /* ChannelTabScreen.swift */ = {isa = PBXFileReference; lastKnownFileType = sourcecode.swift; path = ChannelTabScreen.swift; sourceTree = "<group>"; };
		1FCAB8AC2BD8DF0200B04AA5 /* ChatItemView.swift */ = {isa = PBXFileReference; lastKnownFileType = sourcecode.swift; path = ChatItemView.swift; sourceTree = "<group>"; };
		1FCAB8AF2BD8E1A700B04AA5 /* SettingTabScreen.swift */ = {isa = PBXFileReference; lastKnownFileType = sourcecode.swift; path = SettingTabScreen.swift; sourceTree = "<group>"; };
		1FCAB8B12BD8E25600B04AA5 /* SettingItemView.swift */ = {isa = PBXFileReference; lastKnownFileType = sourcecode.swift; path = SettingItemView.swift; sourceTree = "<group>"; };
		1FCAB8B42BD8E7DD00B04AA5 /* SettingsItem.swift */ = {isa = PBXFileReference; lastKnownFileType = sourcecode.swift; path = SettingsItem.swift; sourceTree = "<group>"; };
		1FCAB8BA2BD8EED900B04AA5 /* ChatRoomScreen.swift */ = {isa = PBXFileReference; lastKnownFileType = sourcecode.swift; path = ChatRoomScreen.swift; sourceTree = "<group>"; };
		1FCAB8BC2BD8F07200B04AA5 /* TextInputArea.swift */ = {isa = PBXFileReference; lastKnownFileType = sourcecode.swift; path = TextInputArea.swift; sourceTree = "<group>"; };
		1FD3E9822BD911040031F8FD /* MessageListController.swift */ = {isa = PBXFileReference; lastKnownFileType = sourcecode.swift; path = MessageListController.swift; sourceTree = "<group>"; };
		1FD3E9842BD913310031F8FD /* MessageListView.swift */ = {isa = PBXFileReference; lastKnownFileType = sourcecode.swift; path = MessageListView.swift; sourceTree = "<group>"; };
		1FE600982BEFAC80008E121B /* String+Extensions.swift */ = {isa = PBXFileReference; lastKnownFileType = sourcecode.swift; path = "String+Extensions.swift"; sourceTree = "<group>"; };
		1FE6009A2BEFBD04008E121B /* MessageItems+Types.swift */ = {isa = PBXFileReference; lastKnownFileType = sourcecode.swift; path = "MessageItems+Types.swift"; sourceTree = "<group>"; };
		1FE808B02C10B4D90022864B /* VoiceRecorderService.swift */ = {isa = PBXFileReference; lastKnownFileType = sourcecode.swift; path = VoiceRecorderService.swift; sourceTree = "<group>"; };
		1FEC7AC52BF9C3BC001DBE20 /* Date+Extensions.swift */ = {isa = PBXFileReference; lastKnownFileType = sourcecode.swift; path = "Date+Extensions.swift"; sourceTree = "<group>"; };
		1FEEFF202BE3A00B00FBCE3C /* RootSrceen.swift */ = {isa = PBXFileReference; lastKnownFileType = sourcecode.swift; path = RootSrceen.swift; sourceTree = "<group>"; };
		1FEEFF232BE3A03500FBCE3C /* RootScreenModel.swift */ = {isa = PBXFileReference; lastKnownFileType = sourcecode.swift; path = RootScreenModel.swift; sourceTree = "<group>"; };
		1FF268922C2731A200FF1FC1 /* VoiceMessagePlayer.swift */ = {isa = PBXFileReference; lastKnownFileType = sourcecode.swift; path = VoiceMessagePlayer.swift; sourceTree = "<group>"; };
		1FF6638B2C10D37C00DE61BF /* TimeInterval+Extensions.swift */ = {isa = PBXFileReference; lastKnownFileType = sourcecode.swift; path = "TimeInterval+Extensions.swift"; sourceTree = "<group>"; };
		1FF6670C2BD6D1A30087A87E /* Whatsapp_Clone.app */ = {isa = PBXFileReference; explicitFileType = wrapper.application; includeInIndex = 0; path = Whatsapp_Clone.app; sourceTree = BUILT_PRODUCTS_DIR; };
		1FF6670F2BD6D1A30087A87E /* Whatsapp_CloneApp.swift */ = {isa = PBXFileReference; lastKnownFileType = sourcecode.swift; path = Whatsapp_CloneApp.swift; sourceTree = "<group>"; };
		1FF667132BD6D1A50087A87E /* Assets.xcassets */ = {isa = PBXFileReference; lastKnownFileType = folder.assetcatalog; path = Assets.xcassets; sourceTree = "<group>"; };
		1FF667162BD6D1A50087A87E /* Preview Assets.xcassets */ = {isa = PBXFileReference; lastKnownFileType = folder.assetcatalog; path = "Preview Assets.xcassets"; sourceTree = "<group>"; };
		1FF667392BD6D4340087A87E /* MainTabView.swift */ = {isa = PBXFileReference; lastKnownFileType = sourcecode.swift; path = MainTabView.swift; sourceTree = "<group>"; };
		1FF9F29D2BD76D790076D685 /* UpdatesTabScreen.swift */ = {isa = PBXFileReference; lastKnownFileType = sourcecode.swift; path = UpdatesTabScreen.swift; sourceTree = "<group>"; };
		1FF9F29F2BD77B3A0076D685 /* CallTabScreen.swift */ = {isa = PBXFileReference; lastKnownFileType = sourcecode.swift; path = CallTabScreen.swift; sourceTree = "<group>"; };
		1FFB66452C1A05D700E744AB /* UIApplication+Extensions.swift */ = {isa = PBXFileReference; lastKnownFileType = sourcecode.swift; path = "UIApplication+Extensions.swift"; sourceTree = "<group>"; };
		1FFB66472C1A084300E744AB /* UIWindowScene+Extensions.swift */ = {isa = PBXFileReference; lastKnownFileType = sourcecode.swift; path = "UIWindowScene+Extensions.swift"; sourceTree = "<group>"; };
		1FFF1B2B2BF1DFDC00FF5058 /* ChatRoomViewModel.swift */ = {isa = PBXFileReference; lastKnownFileType = sourcecode.swift; path = ChatRoomViewModel.swift; sourceTree = "<group>"; };
		1FFF1B2D2BF1E18700FF5058 /* MessageService.swift */ = {isa = PBXFileReference; lastKnownFileType = sourcecode.swift; path = MessageService.swift; sourceTree = "<group>"; };
/* End PBXFileReference section */

/* Begin PBXFrameworksBuildPhase section */
		1FF667092BD6D1A30087A87E /* Frameworks */ = {
			isa = PBXFrameworksBuildPhase;
			buildActionMask = 2147483647;
			files = (
				1FC4FE822C18377D001D33BE /* Kingfisher in Frameworks */,
				1FC4FE7D2C183753001D33BE /* FirebaseMessaging in Frameworks */,
				1FC4FE7B2C183753001D33BE /* FirebaseDatabaseSwift in Frameworks */,
				1FC4FE792C183753001D33BE /* FirebaseDatabase in Frameworks */,
				1FC4FE7F2C183753001D33BE /* FirebaseStorage in Frameworks */,
				1FC4FE772C183753001D33BE /* FirebaseAuth in Frameworks */,
			);
			runOnlyForDeploymentPostprocessing = 0;
		};
/* End PBXFrameworksBuildPhase section */

/* Begin PBXGroup section */
		1F4567E52BEF41F700B67EAA /* Service */ = {
			isa = PBXGroup;
			children = (
				1F4567E62BEF420800B67EAA /* UserService.swift */,
				1FFF1B2D2BF1E18700FF5058 /* MessageService.swift */,
				1FE808B02C10B4D90022864B /* VoiceRecorderService.swift */,
			);
			path = Service;
			sourceTree = "<group>";
		};
		1F4567E82BEF5D6300B67EAA /* Models */ = {
			isa = PBXGroup;
			children = (
				1F4567E92BEF5D7100B67EAA /* ChannelItem.swift */,
			);
			path = Models;
			sourceTree = "<group>";
		};
		1F4F27C02BECC7E700060518 /* ViewModel */ = {
			isa = PBXGroup;
			children = (
				1F4F27C12BECC7FF00060518 /* ChatPartnerPickerViewModel.swift */,
				1F4567EB2BEF60EC00B67EAA /* ChannelTabViewModel.swift */,
			);
			path = ViewModel;
			sourceTree = "<group>";
		};
		1F86332A2BE4F768002EC595 /* Model */ = {
			isa = PBXGroup;
			children = (
				1F86332B2BE4F77E002EC595 /* UserItem.swift */,
			);
			path = Model;
			sourceTree = "<group>";
		};
		1F86332D2BE4F7D4002EC595 /* Utils */ = {
			isa = PBXGroup;
			children = (
				1F86332E2BE4F7EC002EC595 /* FirebaseConstants.swift */,
			);
			path = Utils;
			sourceTree = "<group>";
		};
		1F9BC7E32BDD0B0500A524BE /* Auth */ = {
			isa = PBXGroup;
			children = (
				1F86332A2BE4F768002EC595 /* Model */,
				1FBE85A02BE0ADD90004712F /* Services */,
				1FB3D9072BE0131D00D9DA96 /* ViewModels */,
				1F9BC7E42BDD0B0C00A524BE /* View */,
			);
			path = Auth;
			sourceTree = "<group>";
		};
		1F9BC7E42BDD0B0C00A524BE /* View */ = {
			isa = PBXGroup;
			children = (
				1F9BC7E52BDD0B3600A524BE /* LoginScreen.swift */,
				1F9BC7E72BDD0BDA00A524BE /* AuthHeaderView.swift */,
				1F9BC7E92BDD0C8300A524BE /* AuthTextField.swift */,
				1F9BC7EB2BDD117200A524BE /* AuthButton.swift */,
				1FB3D9052BE0103000D9DA96 /* SignUpScreen.swift */,
			);
			path = View;
			sourceTree = "<group>";
		};
		1FA219942BDBB1E6004AFEBB /* Models */ = {
			isa = PBXGroup;
			children = (
				1FA219952BDBB1F4004AFEBB /* MessageItem.swift */,
				1FE6009A2BEFBD04008E121B /* MessageItems+Types.swift */,
				1F74B50E2C063F7C0062D9FF /* MediaPickerItem_Types.swift */,
			);
			path = Models;
			sourceTree = "<group>";
		};
		1FA2199B2BDBB3FC004AFEBB /* Helpers */ = {
			isa = PBXGroup;
			children = (
				1FA2199C2BDBB40A004AFEBB /* CustomModifiers.swift */,
				1FAC512E2C1564C000727DC9 /* FirebaseHelper.swift */,
			);
			path = Helpers;
			sourceTree = "<group>";
		};
		1FB3D9072BE0131D00D9DA96 /* ViewModels */ = {
			isa = PBXGroup;
			children = (
				1FB3D9082BE0133100D9DA96 /* AuthScreenModel.swift */,
			);
			path = ViewModels;
			sourceTree = "<group>";
		};
		1FBA3B802BF894A000FE2620 /* Components */ = {
			isa = PBXGroup;
			children = (
				1FBA3B812BF894BE00FE2620 /* CircularProfileImageView.swift */,
				1F088F7B2C0986BD001E8A61 /* MediaPlayerView.swift */,
			);
			path = Components;
			sourceTree = "<group>";
		};
		1FBE85A02BE0ADD90004712F /* Services */ = {
			isa = PBXGroup;
			children = (
				1FBE85A12BE0ADF20004712F /* AuthProvider.swift */,
			);
			path = Services;
			sourceTree = "<group>";
		};
		1FCAB89D2BD8D1CB00B04AA5 /* Screens */ = {
			isa = PBXGroup;
			children = (
				1FEEFF1E2BE39FEB00FBCE3C /* Root */,
				1F9BC7E32BDD0B0500A524BE /* Auth */,
				1FCAB8A82BD8D58500B04AA5 /* Chats */,
				1FCAB8A52BD8D22E00B04AA5 /* Settings */,
				1FCAB8A42BD8D22600B04AA5 /* Channel */,
				1FCAB8A22BD8D21200B04AA5 /* Community */,
				1FCAB8A02BD8D20400B04AA5 /* Calls */,
				1FCAB89E2BD8D1DA00B04AA5 /* Updates */,
			);
			path = Screens;
			sourceTree = "<group>";
		};
		1FCAB89E2BD8D1DA00B04AA5 /* Updates */ = {
			isa = PBXGroup;
			children = (
				1FCAB89F2BD8D1F700B04AA5 /* Views */,
			);
			path = Updates;
			sourceTree = "<group>";
		};
		1FCAB89F2BD8D1F700B04AA5 /* Views */ = {
			isa = PBXGroup;
			children = (
				1FF9F29D2BD76D790076D685 /* UpdatesTabScreen.swift */,
			);
			path = Views;
			sourceTree = "<group>";
		};
		1FCAB8A02BD8D20400B04AA5 /* Calls */ = {
			isa = PBXGroup;
			children = (
				1FCAB8A12BD8D20800B04AA5 /* Views */,
			);
			path = Calls;
			sourceTree = "<group>";
		};
		1FCAB8A12BD8D20800B04AA5 /* Views */ = {
			isa = PBXGroup;
			children = (
				1FF9F29F2BD77B3A0076D685 /* CallTabScreen.swift */,
			);
			path = Views;
			sourceTree = "<group>";
		};
		1FCAB8A22BD8D21200B04AA5 /* Community */ = {
			isa = PBXGroup;
			children = (
				1FCAB8A32BD8D21A00B04AA5 /* Views */,
			);
			path = Community;
			sourceTree = "<group>";
		};
		1FCAB8A32BD8D21A00B04AA5 /* Views */ = {
			isa = PBXGroup;
			children = (
				1FCAB8A62BD8D25600B04AA5 /* CommunityTabScreen.swift */,
			);
			path = Views;
			sourceTree = "<group>";
		};
		1FCAB8A42BD8D22600B04AA5 /* Channel */ = {
			isa = PBXGroup;
			children = (
				1F4567E82BEF5D6300B67EAA /* Models */,
				1F4F27C02BECC7E700060518 /* ViewModel */,
				1FCAB8A92BD8DBFE00B04AA5 /* View */,
			);
			path = Channel;
			sourceTree = "<group>";
		};
		1FCAB8A52BD8D22E00B04AA5 /* Settings */ = {
			isa = PBXGroup;
			children = (
				1FCAB8B32BD8E7CA00B04AA5 /* Models */,
				1FCAB8AE2BD8E19900B04AA5 /* View */,
			);
			path = Settings;
			sourceTree = "<group>";
		};
		1FCAB8A82BD8D58500B04AA5 /* Chats */ = {
			isa = PBXGroup;
			children = (
				1FFF1B2A2BF1DFC300FF5058 /* ViewModel */,
				1FA219942BDBB1E6004AFEBB /* Models */,
				1FCAB8B92BD8EECF00B04AA5 /* View */,
			);
			path = Chats;
			sourceTree = "<group>";
		};
		1FCAB8A92BD8DBFE00B04AA5 /* View */ = {
			isa = PBXGroup;
			children = (
				1FCAB8AA2BD8DC1900B04AA5 /* ChannelTabScreen.swift */,
				1FCAB8AC2BD8DF0200B04AA5 /* ChatItemView.swift */,
				1F8633302BE4FEB5002EC595 /* ChatPartnerPickerScreen.swift */,
				1F082F4E2BEBE5C500C2A2F6 /* ChatPartnerRowView.swift */,
				1F4F27C32BECCA0F00060518 /* GroupPartnerPickerScreen.swift */,
				1F4567E12BEF318600B67EAA /* SelectedChatPartnerView.swift */,
				1F4567E32BEF3A0E00B67EAA /* NewGroupSetupScreen.swift */,
			);
			path = View;
			sourceTree = "<group>";
		};
		1FCAB8AE2BD8E19900B04AA5 /* View */ = {
			isa = PBXGroup;
			children = (
				1FCAB8AF2BD8E1A700B04AA5 /* SettingTabScreen.swift */,
				1FCAB8B12BD8E25600B04AA5 /* SettingItemView.swift */,
			);
			path = View;
			sourceTree = "<group>";
		};
		1FCAB8B32BD8E7CA00B04AA5 /* Models */ = {
			isa = PBXGroup;
			children = (
				1FCAB8B42BD8E7DD00B04AA5 /* SettingsItem.swift */,
			);
			path = Models;
			sourceTree = "<group>";
		};
		1FCAB8B92BD8EECF00B04AA5 /* View */ = {
			isa = PBXGroup;
			children = (
				1FCAB8BA2BD8EED900B04AA5 /* ChatRoomScreen.swift */,
				1FCAB8BC2BD8F07200B04AA5 /* TextInputArea.swift */,
				1FD3E9822BD911040031F8FD /* MessageListController.swift */,
				1FD3E9842BD913310031F8FD /* MessageListView.swift */,
				1FA219972BDBB28F004AFEBB /* BubbuleTextView.swift */,
				1FA219992BDBB32F004AFEBB /* BubbleTailView.swift */,
				1FA2199E2BDBC610004AFEBB /* BubbleImageView.swift */,
				1FA219A02BDBCFE3004AFEBB /* BubbleVoiceView.swift */,
				1FBA3B792BF8893700FE2620 /* ChannelCreationTextView.swift */,
				1FBA3B7B2BF88B2900FE2620 /* AdminMessageTextView.swift */,
				1FBC12CC2C0050E60071178C /* MediaAttachmentPreview.swift */,
			);
			path = View;
			sourceTree = "<group>";
		};
		1FE600972BEFAA72008E121B /* Extenstions */ = {
			isa = PBXGroup;
			children = (
				1FE600982BEFAC80008E121B /* String+Extensions.swift */,
				1FEC7AC52BF9C3BC001DBE20 /* Date+Extensions.swift */,
				1F74B50C2C063E460062D9FF /* PhotoPickerItem+Extension.swift */,
				1F74B5102C0643680062D9FF /* URL+Extnsions.swift */,
				1FF6638B2C10D37C00DE61BF /* TimeInterval+Extensions.swift */,
				1FFB66452C1A05D700E744AB /* UIApplication+Extensions.swift */,
				1FFB66472C1A084300E744AB /* UIWindowScene+Extensions.swift */,
			);
			path = Extenstions;
			sourceTree = "<group>";
		};
		1FEEFF1E2BE39FEB00FBCE3C /* Root */ = {
			isa = PBXGroup;
			children = (
				1FEEFF222BE3A01D00FBCE3C /* ViewModel */,
				1FEEFF1F2BE39FFB00FBCE3C /* Views */,
			);
			path = Root;
			sourceTree = "<group>";
		};
		1FEEFF1F2BE39FFB00FBCE3C /* Views */ = {
			isa = PBXGroup;
			children = (
				1FEEFF202BE3A00B00FBCE3C /* RootSrceen.swift */,
			);
			path = Views;
			sourceTree = "<group>";
		};
		1FEEFF222BE3A01D00FBCE3C /* ViewModel */ = {
			isa = PBXGroup;
			children = (
				1FEEFF232BE3A03500FBCE3C /* RootScreenModel.swift */,
			);
			path = ViewModel;
			sourceTree = "<group>";
		};
		1FF667032BD6D1A30087A87E = {
			isa = PBXGroup;
			children = (
				1FF6670E2BD6D1A30087A87E /* Whatsapp_Clone */,
				1FF6670D2BD6D1A30087A87E /* Products */,
			);
			sourceTree = "<group>";
		};
		1FF6670D2BD6D1A30087A87E /* Products */ = {
			isa = PBXGroup;
			children = (
				1FF6670C2BD6D1A30087A87E /* Whatsapp_Clone.app */,
			);
			name = Products;
			sourceTree = "<group>";
		};
		1FF6670E2BD6D1A30087A87E /* Whatsapp_Clone */ = {
			isa = PBXGroup;
			children = (
				1FAC51302C156CDB00727DC9 /* Whatsapp-Clone-Info.plist */,
				1FBA3B802BF894A000FE2620 /* Components */,
				1FE600972BEFAA72008E121B /* Extenstions */,
				1F4567E52BEF41F700B67EAA /* Service */,
				1F86332D2BE4F7D4002EC595 /* Utils */,
				1FA2199B2BDBB3FC004AFEBB /* Helpers */,
				1FCAB89D2BD8D1CB00B04AA5 /* Screens */,
				1FF6670F2BD6D1A30087A87E /* Whatsapp_CloneApp.swift */,
				1FF667392BD6D4340087A87E /* MainTabView.swift */,
				1F9BC7E12BDD094900A524BE /* GoogleService-Info.plist */,
				1FF667132BD6D1A50087A87E /* Assets.xcassets */,
				1FF667152BD6D1A50087A87E /* Preview Content */,
			);
			path = Whatsapp_Clone;
			sourceTree = "<group>";
		};
		1FF667152BD6D1A50087A87E /* Preview Content */ = {
			isa = PBXGroup;
			children = (
				1FF667162BD6D1A50087A87E /* Preview Assets.xcassets */,
			);
			path = "Preview Content";
			sourceTree = "<group>";
		};
		1FFF1B2A2BF1DFC300FF5058 /* ViewModel */ = {
			isa = PBXGroup;
			children = (
				1FFF1B2B2BF1DFDC00FF5058 /* ChatRoomViewModel.swift */,
				1FF268922C2731A200FF1FC1 /* VoiceMessagePlayer.swift */,
			);
			path = ViewModel;
			sourceTree = "<group>";
		};
/* End PBXGroup section */

/* Begin PBXNativeTarget section */
		1FF6670B2BD6D1A30087A87E /* Whatsapp_Clone */ = {
			isa = PBXNativeTarget;
			buildConfigurationList = 1FF667302BD6D1A50087A87E /* Build configuration list for PBXNativeTarget "Whatsapp_Clone" */;
			buildPhases = (
				1FF667082BD6D1A30087A87E /* Sources */,
				1FF667092BD6D1A30087A87E /* Frameworks */,
				1FF6670A2BD6D1A30087A87E /* Resources */,
			);
			buildRules = (
			);
			dependencies = (
			);
			name = Whatsapp_Clone;
			packageProductDependencies = (
				1FC4FE762C183753001D33BE /* FirebaseAuth */,
				1FC4FE782C183753001D33BE /* FirebaseDatabase */,
				1FC4FE7A2C183753001D33BE /* FirebaseDatabaseSwift */,
				1FC4FE7C2C183753001D33BE /* FirebaseMessaging */,
				1FC4FE7E2C183753001D33BE /* FirebaseStorage */,
				1FC4FE812C18377D001D33BE /* Kingfisher */,
			);
			productName = Whatsapp_Clone;
			productReference = 1FF6670C2BD6D1A30087A87E /* Whatsapp_Clone.app */;
			productType = "com.apple.product-type.application";
		};
/* End PBXNativeTarget section */

/* Begin PBXProject section */
		1FF667042BD6D1A30087A87E /* Project object */ = {
			isa = PBXProject;
			attributes = {
				BuildIndependentTargetsInParallel = 1;
				LastSwiftUpdateCheck = 1540;
				LastUpgradeCheck = 1540;
				TargetAttributes = {
					1FF6670B2BD6D1A30087A87E = {
						CreatedOnToolsVersion = 15.4;
					};
				};
			};
			buildConfigurationList = 1FF667072BD6D1A30087A87E /* Build configuration list for PBXProject "Whatsapp_Clone" */;
			compatibilityVersion = "Xcode 14.0";
			developmentRegion = en;
			hasScannedForEncodings = 0;
			knownRegions = (
				en,
				Base,
			);
			mainGroup = 1FF667032BD6D1A30087A87E;
			packageReferences = (
				1FC4FE752C183753001D33BE /* XCRemoteSwiftPackageReference "firebase-ios-sdk" */,
				1FC4FE802C18377D001D33BE /* XCRemoteSwiftPackageReference "Kingfisher" */,
			);
			productRefGroup = 1FF6670D2BD6D1A30087A87E /* Products */;
			projectDirPath = "";
			projectRoot = "";
			targets = (
				1FF6670B2BD6D1A30087A87E /* Whatsapp_Clone */,
			);
		};
/* End PBXProject section */

/* Begin PBXResourcesBuildPhase section */
		1FF6670A2BD6D1A30087A87E /* Resources */ = {
			isa = PBXResourcesBuildPhase;
			buildActionMask = 2147483647;
			files = (
				1FF667172BD6D1A50087A87E /* Preview Assets.xcassets in Resources */,
				1FF667142BD6D1A50087A87E /* Assets.xcassets in Resources */,
				1F9BC7E22BDD094900A524BE /* GoogleService-Info.plist in Resources */,
			);
			runOnlyForDeploymentPostprocessing = 0;
		};
/* End PBXResourcesBuildPhase section */

/* Begin PBXSourcesBuildPhase section */
		1FF667082BD6D1A30087A87E /* Sources */ = {
			isa = PBXSourcesBuildPhase;
			buildActionMask = 2147483647;
			files = (
				1FAC512F2C1564C100727DC9 /* FirebaseHelper.swift in Sources */,
				1FF9F29E2BD76D790076D685 /* UpdatesTabScreen.swift in Sources */,
				1FFB66462C1A05D700E744AB /* UIApplication+Extensions.swift in Sources */,
				1FB3D9092BE0133100D9DA96 /* AuthScreenModel.swift in Sources */,
				1F86332F2BE4F7EC002EC595 /* FirebaseConstants.swift in Sources */,
				1FBA3B822BF894BE00FE2620 /* CircularProfileImageView.swift in Sources */,
				1F9BC7EC2BDD117200A524BE /* AuthButton.swift in Sources */,
				1FA219982BDBB28F004AFEBB /* BubbuleTextView.swift in Sources */,
				1FE808B12C10B4D90022864B /* VoiceRecorderService.swift in Sources */,
				1FF6638C2C10D37C00DE61BF /* TimeInterval+Extensions.swift in Sources */,
				1FCAB8B22BD8E25600B04AA5 /* SettingItemView.swift in Sources */,
				1F86332C2BE4F77E002EC595 /* UserItem.swift in Sources */,
				1F9BC7E82BDD0BDA00A524BE /* AuthHeaderView.swift in Sources */,
				1F4567EC2BEF60EC00B67EAA /* ChannelTabViewModel.swift in Sources */,
				1F4567E22BEF318600B67EAA /* SelectedChatPartnerView.swift in Sources */,
				1FBE85A22BE0ADF20004712F /* AuthProvider.swift in Sources */,
				1FF9F2A02BD77B3A0076D685 /* CallTabScreen.swift in Sources */,
				1FCAB8A72BD8D25600B04AA5 /* CommunityTabScreen.swift in Sources */,
				1FBA3B7C2BF88B2900FE2620 /* AdminMessageTextView.swift in Sources */,
				1FA219A12BDBCFE3004AFEBB /* BubbleVoiceView.swift in Sources */,
				1FE600992BEFAC80008E121B /* String+Extensions.swift in Sources */,
				1FD3E9832BD911040031F8FD /* MessageListController.swift in Sources */,
				1FA2199A2BDBB32F004AFEBB /* BubbleTailView.swift in Sources */,
				1FFF1B2E2BF1E18700FF5058 /* MessageService.swift in Sources */,
				1FFB66482C1A084300E744AB /* UIWindowScene+Extensions.swift in Sources */,
				1FB3D9062BE0103000D9DA96 /* SignUpScreen.swift in Sources */,
				1FFF1B2C2BF1DFDC00FF5058 /* ChatRoomViewModel.swift in Sources */,
				1FBC12CD2C0050E60071178C /* MediaAttachmentPreview.swift in Sources */,
				1F4567EA2BEF5D7100B67EAA /* ChannelItem.swift in Sources */,
				1FCAB8BD2BD8F07200B04AA5 /* TextInputArea.swift in Sources */,
				1FCAB8AB2BD8DC1900B04AA5 /* ChannelTabScreen.swift in Sources */,
				1F4F27C42BECCA0F00060518 /* GroupPartnerPickerScreen.swift in Sources */,
				1FA2199F2BDBC610004AFEBB /* BubbleImageView.swift in Sources */,
				1F8633312BE4FEB5002EC595 /* ChatPartnerPickerScreen.swift in Sources */,
				1FBA3B7A2BF8893700FE2620 /* ChannelCreationTextView.swift in Sources */,
				1F9BC7E62BDD0B3600A524BE /* LoginScreen.swift in Sources */,
				1FF268932C2731A200FF1FC1 /* VoiceMessagePlayer.swift in Sources */,
				1F4567E42BEF3A0E00B67EAA /* NewGroupSetupScreen.swift in Sources */,
				1FF667102BD6D1A30087A87E /* Whatsapp_CloneApp.swift in Sources */,
				1FD3E9852BD913310031F8FD /* MessageListView.swift in Sources */,
				1FE6009B2BEFBD04008E121B /* MessageItems+Types.swift in Sources */,
				1F74B5112C0643680062D9FF /* URL+Extnsions.swift in Sources */,
				1FEEFF212BE3A00B00FBCE3C /* RootSrceen.swift in Sources */,
				1F082F4F2BEBE5C500C2A2F6 /* ChatPartnerRowView.swift in Sources */,
				1FEEFF242BE3A03500FBCE3C /* RootScreenModel.swift in Sources */,
				1F9BC7EA2BDD0C8300A524BE /* AuthTextField.swift in Sources */,
				1F74B50D2C063E460062D9FF /* PhotoPickerItem+Extension.swift in Sources */,
				1FCAB8BB2BD8EED900B04AA5 /* ChatRoomScreen.swift in Sources */,
				1FCAB8AD2BD8DF0200B04AA5 /* ChatItemView.swift in Sources */,
				1FA219962BDBB1F4004AFEBB /* MessageItem.swift in Sources */,
				1FEC7AC62BF9C3BC001DBE20 /* Date+Extensions.swift in Sources */,
				1F4567E72BEF420800B67EAA /* UserService.swift in Sources */,
				1FCAB8B02BD8E1A700B04AA5 /* SettingTabScreen.swift in Sources */,
				1FA2199D2BDBB40A004AFEBB /* CustomModifiers.swift in Sources */,
				1FF6673A2BD6D4340087A87E /* MainTabView.swift in Sources */,
				1F4F27C22BECC7FF00060518 /* ChatPartnerPickerViewModel.swift in Sources */,
				1F74B50F2C063F7C0062D9FF /* MediaPickerItem_Types.swift in Sources */,
				1F088F7C2C0986BD001E8A61 /* MediaPlayerView.swift in Sources */,
				1FCAB8B52BD8E7DD00B04AA5 /* SettingsItem.swift in Sources */,
			);
			runOnlyForDeploymentPostprocessing = 0;
		};
/* End PBXSourcesBuildPhase section */

/* Begin XCBuildConfiguration section */
		1FF6672E2BD6D1A50087A87E /* Debug */ = {
			isa = XCBuildConfiguration;
			buildSettings = {
				ALWAYS_SEARCH_USER_PATHS = NO;
				ASSETCATALOG_COMPILER_GENERATE_SWIFT_ASSET_SYMBOL_EXTENSIONS = YES;
				CLANG_ANALYZER_NONNULL = YES;
				CLANG_ANALYZER_NUMBER_OBJECT_CONVERSION = YES_AGGRESSIVE;
				CLANG_CXX_LANGUAGE_STANDARD = "gnu++20";
				CLANG_ENABLE_MODULES = YES;
				CLANG_ENABLE_OBJC_ARC = YES;
				CLANG_ENABLE_OBJC_WEAK = YES;
				CLANG_WARN_BLOCK_CAPTURE_AUTORELEASING = YES;
				CLANG_WARN_BOOL_CONVERSION = YES;
				CLANG_WARN_COMMA = YES;
				CLANG_WARN_CONSTANT_CONVERSION = YES;
				CLANG_WARN_DEPRECATED_OBJC_IMPLEMENTATIONS = YES;
				CLANG_WARN_DIRECT_OBJC_ISA_USAGE = YES_ERROR;
				CLANG_WARN_DOCUMENTATION_COMMENTS = YES;
				CLANG_WARN_EMPTY_BODY = YES;
				CLANG_WARN_ENUM_CONVERSION = YES;
				CLANG_WARN_INFINITE_RECURSION = YES;
				CLANG_WARN_INT_CONVERSION = YES;
				CLANG_WARN_NON_LITERAL_NULL_CONVERSION = YES;
				CLANG_WARN_OBJC_IMPLICIT_RETAIN_SELF = YES;
				CLANG_WARN_OBJC_LITERAL_CONVERSION = YES;
				CLANG_WARN_OBJC_ROOT_CLASS = YES_ERROR;
				CLANG_WARN_QUOTED_INCLUDE_IN_FRAMEWORK_HEADER = YES;
				CLANG_WARN_RANGE_LOOP_ANALYSIS = YES;
				CLANG_WARN_STRICT_PROTOTYPES = YES;
				CLANG_WARN_SUSPICIOUS_MOVE = YES;
				CLANG_WARN_UNGUARDED_AVAILABILITY = YES_AGGRESSIVE;
				CLANG_WARN_UNREACHABLE_CODE = YES;
				CLANG_WARN__DUPLICATE_METHOD_MATCH = YES;
				COPY_PHASE_STRIP = NO;
				DEBUG_INFORMATION_FORMAT = dwarf;
				ENABLE_STRICT_OBJC_MSGSEND = YES;
				ENABLE_TESTABILITY = YES;
				ENABLE_USER_SCRIPT_SANDBOXING = YES;
				GCC_C_LANGUAGE_STANDARD = gnu17;
				GCC_DYNAMIC_NO_PIC = NO;
				GCC_NO_COMMON_BLOCKS = YES;
				GCC_OPTIMIZATION_LEVEL = 0;
				GCC_PREPROCESSOR_DEFINITIONS = (
					"DEBUG=1",
					"$(inherited)",
				);
				GCC_WARN_64_TO_32_BIT_CONVERSION = YES;
				GCC_WARN_ABOUT_RETURN_TYPE = YES_ERROR;
				GCC_WARN_UNDECLARED_SELECTOR = YES;
				GCC_WARN_UNINITIALIZED_AUTOS = YES_AGGRESSIVE;
				GCC_WARN_UNUSED_FUNCTION = YES;
				GCC_WARN_UNUSED_VARIABLE = YES;
				IPHONEOS_DEPLOYMENT_TARGET = 18.0;
				LOCALIZATION_PREFERS_STRING_CATALOGS = YES;
				MTL_ENABLE_DEBUG_INFO = INCLUDE_SOURCE;
				MTL_FAST_MATH = YES;
				ONLY_ACTIVE_ARCH = YES;
				SDKROOT = iphoneos;
				SWIFT_ACTIVE_COMPILATION_CONDITIONS = "DEBUG $(inherited)";
				SWIFT_OPTIMIZATION_LEVEL = "-Onone";
			};
			name = Debug;
		};
		1FF6672F2BD6D1A50087A87E /* Release */ = {
			isa = XCBuildConfiguration;
			buildSettings = {
				ALWAYS_SEARCH_USER_PATHS = NO;
				ASSETCATALOG_COMPILER_GENERATE_SWIFT_ASSET_SYMBOL_EXTENSIONS = YES;
				CLANG_ANALYZER_NONNULL = YES;
				CLANG_ANALYZER_NUMBER_OBJECT_CONVERSION = YES_AGGRESSIVE;
				CLANG_CXX_LANGUAGE_STANDARD = "gnu++20";
				CLANG_ENABLE_MODULES = YES;
				CLANG_ENABLE_OBJC_ARC = YES;
				CLANG_ENABLE_OBJC_WEAK = YES;
				CLANG_WARN_BLOCK_CAPTURE_AUTORELEASING = YES;
				CLANG_WARN_BOOL_CONVERSION = YES;
				CLANG_WARN_COMMA = YES;
				CLANG_WARN_CONSTANT_CONVERSION = YES;
				CLANG_WARN_DEPRECATED_OBJC_IMPLEMENTATIONS = YES;
				CLANG_WARN_DIRECT_OBJC_ISA_USAGE = YES_ERROR;
				CLANG_WARN_DOCUMENTATION_COMMENTS = YES;
				CLANG_WARN_EMPTY_BODY = YES;
				CLANG_WARN_ENUM_CONVERSION = YES;
				CLANG_WARN_INFINITE_RECURSION = YES;
				CLANG_WARN_INT_CONVERSION = YES;
				CLANG_WARN_NON_LITERAL_NULL_CONVERSION = YES;
				CLANG_WARN_OBJC_IMPLICIT_RETAIN_SELF = YES;
				CLANG_WARN_OBJC_LITERAL_CONVERSION = YES;
				CLANG_WARN_OBJC_ROOT_CLASS = YES_ERROR;
				CLANG_WARN_QUOTED_INCLUDE_IN_FRAMEWORK_HEADER = YES;
				CLANG_WARN_RANGE_LOOP_ANALYSIS = YES;
				CLANG_WARN_STRICT_PROTOTYPES = YES;
				CLANG_WARN_SUSPICIOUS_MOVE = YES;
				CLANG_WARN_UNGUARDED_AVAILABILITY = YES_AGGRESSIVE;
				CLANG_WARN_UNREACHABLE_CODE = YES;
				CLANG_WARN__DUPLICATE_METHOD_MATCH = YES;
				COPY_PHASE_STRIP = NO;
				DEBUG_INFORMATION_FORMAT = "dwarf-with-dsym";
				ENABLE_NS_ASSERTIONS = NO;
				ENABLE_STRICT_OBJC_MSGSEND = YES;
				ENABLE_USER_SCRIPT_SANDBOXING = YES;
				GCC_C_LANGUAGE_STANDARD = gnu17;
				GCC_NO_COMMON_BLOCKS = YES;
				GCC_WARN_64_TO_32_BIT_CONVERSION = YES;
				GCC_WARN_ABOUT_RETURN_TYPE = YES_ERROR;
				GCC_WARN_UNDECLARED_SELECTOR = YES;
				GCC_WARN_UNINITIALIZED_AUTOS = YES_AGGRESSIVE;
				GCC_WARN_UNUSED_FUNCTION = YES;
				GCC_WARN_UNUSED_VARIABLE = YES;
				IPHONEOS_DEPLOYMENT_TARGET = 18.0;
				LOCALIZATION_PREFERS_STRING_CATALOGS = YES;
				MTL_ENABLE_DEBUG_INFO = NO;
				MTL_FAST_MATH = YES;
				SDKROOT = iphoneos;
				SWIFT_COMPILATION_MODE = wholemodule;
				VALIDATE_PRODUCT = YES;
			};
			name = Release;
		};
		1FF667312BD6D1A50087A87E /* Debug */ = {
			isa = XCBuildConfiguration;
			buildSettings = {
				ASSETCATALOG_COMPILER_APPICON_NAME = AppIcon;
				ASSETCATALOG_COMPILER_GLOBAL_ACCENT_COLOR_NAME = AccentColor;
				CODE_SIGN_STYLE = Automatic;
				CURRENT_PROJECT_VERSION = 1;
				DEVELOPMENT_ASSET_PATHS = "\"Whatsapp_Clone/Preview Content\"";
				ENABLE_PREVIEWS = YES;
				GENERATE_INFOPLIST_FILE = YES;
				INFOPLIST_FILE = "Whatsapp-Clone-Info.plist";
				INFOPLIST_KEY_NSMicrophoneUsageDescription = "Access to thid let's you record voice messages";
				INFOPLIST_KEY_UIApplicationSceneManifest_Generation = YES;
				INFOPLIST_KEY_UIApplicationSupportsIndirectInputEvents = YES;
				INFOPLIST_KEY_UILaunchScreen_Generation = YES;
				INFOPLIST_KEY_UISupportedInterfaceOrientations_iPad = "UIInterfaceOrientationPortrait UIInterfaceOrientationPortraitUpsideDown UIInterfaceOrientationLandscapeLeft UIInterfaceOrientationLandscapeRight";
				INFOPLIST_KEY_UISupportedInterfaceOrientations_iPhone = "UIInterfaceOrientationPortrait UIInterfaceOrientationLandscapeLeft UIInterfaceOrientationLandscapeRight";
				IPHONEOS_DEPLOYMENT_TARGET = 18.0;
				LD_RUNPATH_SEARCH_PATHS = (
					"$(inherited)",
					"@executable_path/Frameworks",
				);
				MARKETING_VERSION = 1.0;
				PRODUCT_BUNDLE_IDENTIFIER = "com.hemanth.Whatsapp-Clone";
				PRODUCT_NAME = "$(TARGET_NAME)";
				SUPPORTED_PLATFORMS = "iphoneos iphonesimulator";
				SUPPORTS_MACCATALYST = NO;
				SUPPORTS_MAC_DESIGNED_FOR_IPHONE_IPAD = NO;
				SUPPORTS_XR_DESIGNED_FOR_IPHONE_IPAD = NO;
				SWIFT_EMIT_LOC_STRINGS = YES;
				SWIFT_VERSION = 5.0;
				TARGETED_DEVICE_FAMILY = 1;
			};
			name = Debug;
		};
		1FF667322BD6D1A50087A87E /* Release */ = {
			isa = XCBuildConfiguration;
			buildSettings = {
				ASSETCATALOG_COMPILER_APPICON_NAME = AppIcon;
				ASSETCATALOG_COMPILER_GLOBAL_ACCENT_COLOR_NAME = AccentColor;
				CODE_SIGN_STYLE = Automatic;
				CURRENT_PROJECT_VERSION = 1;
				DEVELOPMENT_ASSET_PATHS = "\"Whatsapp_Clone/Preview Content\"";
				ENABLE_PREVIEWS = YES;
				GENERATE_INFOPLIST_FILE = YES;
				INFOPLIST_FILE = "Whatsapp-Clone-Info.plist";
				INFOPLIST_KEY_NSMicrophoneUsageDescription = "Access to thid let's you record voice messages";
				INFOPLIST_KEY_UIApplicationSceneManifest_Generation = YES;
				INFOPLIST_KEY_UIApplicationSupportsIndirectInputEvents = YES;
				INFOPLIST_KEY_UILaunchScreen_Generation = YES;
				INFOPLIST_KEY_UISupportedInterfaceOrientations_iPad = "UIInterfaceOrientationPortrait UIInterfaceOrientationPortraitUpsideDown UIInterfaceOrientationLandscapeLeft UIInterfaceOrientationLandscapeRight";
				INFOPLIST_KEY_UISupportedInterfaceOrientations_iPhone = "UIInterfaceOrientationPortrait UIInterfaceOrientationLandscapeLeft UIInterfaceOrientationLandscapeRight";
				IPHONEOS_DEPLOYMENT_TARGET = 18.0;
				LD_RUNPATH_SEARCH_PATHS = (
					"$(inherited)",
					"@executable_path/Frameworks",
				);
				MARKETING_VERSION = 1.0;
				PRODUCT_BUNDLE_IDENTIFIER = "com.hemanth.Whatsapp-Clone";
				PRODUCT_NAME = "$(TARGET_NAME)";
				SUPPORTED_PLATFORMS = "iphoneos iphonesimulator";
				SUPPORTS_MACCATALYST = NO;
				SUPPORTS_MAC_DESIGNED_FOR_IPHONE_IPAD = NO;
				SUPPORTS_XR_DESIGNED_FOR_IPHONE_IPAD = NO;
				SWIFT_EMIT_LOC_STRINGS = YES;
				SWIFT_VERSION = 5.0;
				TARGETED_DEVICE_FAMILY = 1;
			};
			name = Release;
		};
/* End XCBuildConfiguration section */

/* Begin XCConfigurationList section */
		1FF667072BD6D1A30087A87E /* Build configuration list for PBXProject "Whatsapp_Clone" */ = {
			isa = XCConfigurationList;
			buildConfigurations = (
				1FF6672E2BD6D1A50087A87E /* Debug */,
				1FF6672F2BD6D1A50087A87E /* Release */,
			);
			defaultConfigurationIsVisible = 0;
			defaultConfigurationName = Release;
		};
		1FF667302BD6D1A50087A87E /* Build configuration list for PBXNativeTarget "Whatsapp_Clone" */ = {
			isa = XCConfigurationList;
			buildConfigurations = (
				1FF667312BD6D1A50087A87E /* Debug */,
				1FF667322BD6D1A50087A87E /* Release */,
			);
			defaultConfigurationIsVisible = 0;
			defaultConfigurationName = Release;
		};
/* End XCConfigurationList section */

/* Begin XCRemoteSwiftPackageReference section */
		1FC4FE752C183753001D33BE /* XCRemoteSwiftPackageReference "firebase-ios-sdk" */ = {
			isa = XCRemoteSwiftPackageReference;
			repositoryURL = "https://github.com/firebase/firebase-ios-sdk.git";
			requirement = {
				kind = upToNextMajorVersion;
				minimumVersion = 10.27.0;
			};
		};
		1FC4FE802C18377D001D33BE /* XCRemoteSwiftPackageReference "Kingfisher" */ = {
			isa = XCRemoteSwiftPackageReference;
			repositoryURL = "https://github.com/onevcat/Kingfisher";
			requirement = {
				kind = upToNextMajorVersion;
				minimumVersion = 7.12.0;
			};
		};
/* End XCRemoteSwiftPackageReference section */

/* Begin XCSwiftPackageProductDependency section */
		1FC4FE762C183753001D33BE /* FirebaseAuth */ = {
			isa = XCSwiftPackageProductDependency;
			package = 1FC4FE752C183753001D33BE /* XCRemoteSwiftPackageReference "firebase-ios-sdk" */;
			productName = FirebaseAuth;
		};
		1FC4FE782C183753001D33BE /* FirebaseDatabase */ = {
			isa = XCSwiftPackageProductDependency;
			package = 1FC4FE752C183753001D33BE /* XCRemoteSwiftPackageReference "firebase-ios-sdk" */;
			productName = FirebaseDatabase;
		};
		1FC4FE7A2C183753001D33BE /* FirebaseDatabaseSwift */ = {
			isa = XCSwiftPackageProductDependency;
			package = 1FC4FE752C183753001D33BE /* XCRemoteSwiftPackageReference "firebase-ios-sdk" */;
			productName = FirebaseDatabaseSwift;
		};
		1FC4FE7C2C183753001D33BE /* FirebaseMessaging */ = {
			isa = XCSwiftPackageProductDependency;
			package = 1FC4FE752C183753001D33BE /* XCRemoteSwiftPackageReference "firebase-ios-sdk" */;
			productName = FirebaseMessaging;
		};
		1FC4FE7E2C183753001D33BE /* FirebaseStorage */ = {
			isa = XCSwiftPackageProductDependency;
			package = 1FC4FE752C183753001D33BE /* XCRemoteSwiftPackageReference "firebase-ios-sdk" */;
			productName = FirebaseStorage;
		};
		1FC4FE812C18377D001D33BE /* Kingfisher */ = {
			isa = XCSwiftPackageProductDependency;
			package = 1FC4FE802C18377D001D33BE /* XCRemoteSwiftPackageReference "Kingfisher" */;
			productName = Kingfisher;
		};
/* End XCSwiftPackageProductDependency section */
	};
	rootObject = 1FF667042BD6D1A30087A87E /* Project object */;
}
